{
  "version": 4,
  "terraform_version": "1.12.2",
  "serial": 52,
  "lineage": "611f8738-371e-982a-2ea3-7e962d2e5b5b",
  "outputs": {
    "alb_dns_name": {
      "value": "like98100-deploy-dev-alb-2056459370.ap-northeast-2.elb.amazonaws.com",
      "type": "string"
    },
    "codepipeline_name": {
      "value": "like98100-deploy-dev-pipeline",
      "type": "string"
    },
    "ecr_repository_url": {
      "value": "077672914621.dkr.ecr.ap-northeast-2.amazonaws.com/like98100-deploy-dev",
      "type": "string"
    },
    "ecs_cluster_name": {
      "value": "like98100-deploy-dev-cluster",
      "type": "string"
    },
    "vpc_id": {
      "value": "vpc-0ebac23e93f73261b",
      "type": "string"
    }
  },
  "resources": [
    {
      "mode": "data",
      "type": "aws_availability_zones",
      "name": "available",
      "provider": "provider[\"registry.terraform.io/hashicorp/aws\"]",
      "instances": [
        {
          "schema_version": 0,
          "attributes": {
            "all_availability_zones": null,
            "exclude_names": null,
            "exclude_zone_ids": null,
            "filter": null,
            "group_names": [
              "ap-northeast-2-zg-1"
            ],
            "id": "ap-northeast-2",
            "names": [
              "ap-northeast-2a",
              "ap-northeast-2b",
              "ap-northeast-2c",
              "ap-northeast-2d"
            ],
            "state": "available",
            "timeouts": null,
            "zone_ids": [
              "apne2-az1",
              "apne2-az2",
              "apne2-az3",
              "apne2-az4"
            ]
          },
          "sensitive_attributes": [],
          "identity_schema_version": 0
        }
      ]
    },
    {
      "mode": "data",
      "type": "aws_caller_identity",
      "name": "current",
      "provider": "provider[\"registry.terraform.io/hashicorp/aws\"]",
      "instances": [
        {
          "schema_version": 0,
          "attributes": {
            "account_id": "077672914621",
            "arn": "arn:aws:iam::077672914621:user/like98100",
            "id": "077672914621",
            "user_id": "AIDAREFNKT262BOJ34D53"
          },
          "sensitive_attributes": [],
          "identity_schema_version": 0
        }
      ]
    },
    {
      "module": "module.alb",
      "mode": "managed",
      "type": "aws_lb",
      "name": "main",
      "provider": "provider[\"registry.terraform.io/hashicorp/aws\"]",
      "instances": [
        {
          "schema_version": 0,
          "attributes": {
            "access_logs": [
              {
                "bucket": "",
                "enabled": false,
                "prefix": ""
              }
            ],
            "arn": "arn:aws:elasticloadbalancing:ap-northeast-2:077672914621:loadbalancer/app/like98100-deploy-dev-alb/6ed409e3834c41c7",
            "arn_suffix": "app/like98100-deploy-dev-alb/6ed409e3834c41c7",
            "client_keep_alive": 3600,
            "connection_logs": [
              {
                "bucket": "",
                "enabled": false,
                "prefix": ""
              }
            ],
            "customer_owned_ipv4_pool": "",
            "desync_mitigation_mode": "defensive",
            "dns_name": "like98100-deploy-dev-alb-2056459370.ap-northeast-2.elb.amazonaws.com",
            "dns_record_client_routing_policy": null,
            "drop_invalid_header_fields": false,
            "enable_cross_zone_load_balancing": true,
            "enable_deletion_protection": false,
            "enable_http2": true,
            "enable_tls_version_and_cipher_suite_headers": false,
            "enable_waf_fail_open": false,
            "enable_xff_client_port": false,
            "enable_zonal_shift": false,
            "enforce_security_group_inbound_rules_on_private_link_traffic": "",
            "id": "arn:aws:elasticloadbalancing:ap-northeast-2:077672914621:loadbalancer/app/like98100-deploy-dev-alb/6ed409e3834c41c7",
            "idle_timeout": 60,
            "internal": false,
            "ip_address_type": "ipv4",
            "ipam_pools": [],
            "load_balancer_type": "application",
            "minimum_load_balancer_capacity": [],
            "name": "like98100-deploy-dev-alb",
            "name_prefix": "",
            "preserve_host_header": false,
            "security_groups": [
              "sg-02299c32ac0cd55ee"
            ],
            "subnet_mapping": [
              {
                "allocation_id": "",
                "ipv6_address": "",
                "outpost_id": "",
                "private_ipv4_address": "",
                "subnet_id": "subnet-0452307860d23e702"
              },
              {
                "allocation_id": "",
                "ipv6_address": "",
                "outpost_id": "",
                "private_ipv4_address": "",
                "subnet_id": "subnet-072eb13c4869fc20a"
              }
            ],
            "subnets": [
              "subnet-0452307860d23e702",
              "subnet-072eb13c4869fc20a"
            ],
            "tags": {
              "Environment": "dev",
              "ManagedBy": "terraform",
              "Name": "like98100-deploy-dev-alb",
              "Owner": "like98100",
              "Project": "deploy-test"
            },
            "tags_all": {
              "Environment": "dev",
              "ManagedBy": "terraform",
              "Name": "like98100-deploy-dev-alb",
              "Owner": "like98100",
              "Project": "deploy-test"
            },
            "timeouts": null,
            "vpc_id": "vpc-0ebac23e93f73261b",
            "xff_header_processing_mode": "append",
            "zone_id": "ZWKZPGTI48KDX"
          },
          "sensitive_attributes": [],
          "identity_schema_version": 0,
          "private": "eyJlMmJmYjczMC1lY2FhLTExZTYtOGY4OC0zNDM2M2JjN2M0YzAiOnsiY3JlYXRlIjo2MDAwMDAwMDAwMDAsImRlbGV0ZSI6NjAwMDAwMDAwMDAwLCJ1cGRhdGUiOjYwMDAwMDAwMDAwMH19",
          "dependencies": [
            "data.aws_availability_zones.available",
            "module.security_groups.aws_security_group.alb",
            "module.vpc.aws_subnet.public",
            "module.vpc.aws_vpc.main"
          ]
        }
      ]
    },
    {
      "module": "module.alb",
      "mode": "managed",
      "type": "aws_lb_listener",
      "name": "main",
      "provider": "provider[\"registry.terraform.io/hashicorp/aws\"]",
      "instances": [
        {
          "schema_version": 0,
          "attributes": {
            "alpn_policy": null,
            "arn": "arn:aws:elasticloadbalancing:ap-northeast-2:077672914621:listener/app/like98100-deploy-dev-alb/6ed409e3834c41c7/66382cefab936335",
            "certificate_arn": null,
            "default_action": [
              {
                "authenticate_cognito": [],
                "authenticate_oidc": [],
                "fixed_response": [],
                "forward": [],
                "order": 1,
                "redirect": [],
                "target_group_arn": "arn:aws:elasticloadbalancing:ap-northeast-2:077672914621:targetgroup/like98100-deploy-dev-blue-tg/9f5588e163d600e7",
                "type": "forward"
              }
            ],
            "id": "arn:aws:elasticloadbalancing:ap-northeast-2:077672914621:listener/app/like98100-deploy-dev-alb/6ed409e3834c41c7/66382cefab936335",
            "load_balancer_arn": "arn:aws:elasticloadbalancing:ap-northeast-2:077672914621:loadbalancer/app/like98100-deploy-dev-alb/6ed409e3834c41c7",
            "mutual_authentication": [],
            "port": 80,
            "protocol": "HTTP",
            "routing_http_request_x_amzn_mtls_clientcert_header_name": null,
            "routing_http_request_x_amzn_mtls_clientcert_issuer_header_name": null,
            "routing_http_request_x_amzn_mtls_clientcert_leaf_header_name": null,
            "routing_http_request_x_amzn_mtls_clientcert_serial_number_header_name": null,
            "routing_http_request_x_amzn_mtls_clientcert_subject_header_name": null,
            "routing_http_request_x_amzn_mtls_clientcert_validity_header_name": null,
            "routing_http_request_x_amzn_tls_cipher_suite_header_name": null,
            "routing_http_request_x_amzn_tls_version_header_name": null,
            "routing_http_response_access_control_allow_credentials_header_value": "",
            "routing_http_response_access_control_allow_headers_header_value": "",
            "routing_http_response_access_control_allow_methods_header_value": "",
            "routing_http_response_access_control_allow_origin_header_value": "",
            "routing_http_response_access_control_expose_headers_header_value": "",
            "routing_http_response_access_control_max_age_header_value": "",
            "routing_http_response_content_security_policy_header_value": "",
            "routing_http_response_server_enabled": true,
            "routing_http_response_strict_transport_security_header_value": "",
            "routing_http_response_x_content_type_options_header_value": "",
            "routing_http_response_x_frame_options_header_value": "",
            "ssl_policy": "",
            "tags": {
              "Environment": "dev",
              "ManagedBy": "terraform",
              "Name": "like98100-deploy-dev-listener",
              "Owner": "like98100",
              "Project": "deploy-test"
            },
            "tags_all": {
              "Environment": "dev",
              "ManagedBy": "terraform",
              "Name": "like98100-deploy-dev-listener",
              "Owner": "like98100",
              "Project": "deploy-test"
            },
            "tcp_idle_timeout_seconds": null,
            "timeouts": null
          },
          "sensitive_attributes": [],
          "identity_schema_version": 0,
          "private": "eyJlMmJmYjczMC1lY2FhLTExZTYtOGY4OC0zNDM2M2JjN2M0YzAiOnsiY3JlYXRlIjozMDAwMDAwMDAwMDAsInVwZGF0ZSI6MzAwMDAwMDAwMDAwfX0=",
          "dependencies": [
            "data.aws_availability_zones.available",
            "module.alb.aws_lb.main",
            "module.alb.aws_lb_target_group.blue",
            "module.security_groups.aws_security_group.alb",
            "module.vpc.aws_subnet.public",
            "module.vpc.aws_vpc.main"
          ]
        }
      ]
    },
    {
      "module": "module.alb",
      "mode": "managed",
      "type": "aws_lb_listener",
      "name": "test",
      "provider": "provider[\"registry.terraform.io/hashicorp/aws\"]",
      "instances": [
        {
          "schema_version": 0,
          "attributes": {
            "alpn_policy": null,
            "arn": "arn:aws:elasticloadbalancing:ap-northeast-2:077672914621:listener/app/like98100-deploy-dev-alb/6ed409e3834c41c7/9f1d71a732ade792",
            "certificate_arn": null,
            "default_action": [
              {
                "authenticate_cognito": [],
                "authenticate_oidc": [],
                "fixed_response": [],
                "forward": [],
                "order": 1,
                "redirect": [],
                "target_group_arn": "arn:aws:elasticloadbalancing:ap-northeast-2:077672914621:targetgroup/like98100-deploy-dev-green-tg/e46e9c6f130964f5",
                "type": "forward"
              }
            ],
            "id": "arn:aws:elasticloadbalancing:ap-northeast-2:077672914621:listener/app/like98100-deploy-dev-alb/6ed409e3834c41c7/9f1d71a732ade792",
            "load_balancer_arn": "arn:aws:elasticloadbalancing:ap-northeast-2:077672914621:loadbalancer/app/like98100-deploy-dev-alb/6ed409e3834c41c7",
            "mutual_authentication": [],
            "port": 8080,
            "protocol": "HTTP",
            "routing_http_request_x_amzn_mtls_clientcert_header_name": null,
            "routing_http_request_x_amzn_mtls_clientcert_issuer_header_name": null,
            "routing_http_request_x_amzn_mtls_clientcert_leaf_header_name": null,
            "routing_http_request_x_amzn_mtls_clientcert_serial_number_header_name": null,
            "routing_http_request_x_amzn_mtls_clientcert_subject_header_name": null,
            "routing_http_request_x_amzn_mtls_clientcert_validity_header_name": null,
            "routing_http_request_x_amzn_tls_cipher_suite_header_name": null,
            "routing_http_request_x_amzn_tls_version_header_name": null,
            "routing_http_response_access_control_allow_credentials_header_value": "",
            "routing_http_response_access_control_allow_headers_header_value": "",
            "routing_http_response_access_control_allow_methods_header_value": "",
            "routing_http_response_access_control_allow_origin_header_value": "",
            "routing_http_response_access_control_expose_headers_header_value": "",
            "routing_http_response_access_control_max_age_header_value": "",
            "routing_http_response_content_security_policy_header_value": "",
            "routing_http_response_server_enabled": true,
            "routing_http_response_strict_transport_security_header_value": "",
            "routing_http_response_x_content_type_options_header_value": "",
            "routing_http_response_x_frame_options_header_value": "",
            "ssl_policy": "",
            "tags": {
              "Environment": "dev",
              "ManagedBy": "terraform",
              "Name": "like98100-deploy-dev-test-listener",
              "Owner": "like98100",
              "Project": "deploy-test"
            },
            "tags_all": {
              "Environment": "dev",
              "ManagedBy": "terraform",
              "Name": "like98100-deploy-dev-test-listener",
              "Owner": "like98100",
              "Project": "deploy-test"
            },
            "tcp_idle_timeout_seconds": null,
            "timeouts": null
          },
          "sensitive_attributes": [],
          "identity_schema_version": 0,
          "private": "eyJlMmJmYjczMC1lY2FhLTExZTYtOGY4OC0zNDM2M2JjN2M0YzAiOnsiY3JlYXRlIjozMDAwMDAwMDAwMDAsInVwZGF0ZSI6MzAwMDAwMDAwMDAwfX0=",
          "dependencies": [
            "data.aws_availability_zones.available",
            "module.alb.aws_lb.main",
            "module.alb.aws_lb_target_group.green",
            "module.security_groups.aws_security_group.alb",
            "module.vpc.aws_subnet.public",
            "module.vpc.aws_vpc.main"
          ]
        }
      ]
    },
    {
      "module": "module.alb",
      "mode": "managed",
      "type": "aws_lb_target_group",
      "name": "blue",
      "provider": "provider[\"registry.terraform.io/hashicorp/aws\"]",
      "instances": [
        {
          "schema_version": 0,
          "attributes": {
            "arn": "arn:aws:elasticloadbalancing:ap-northeast-2:077672914621:targetgroup/like98100-deploy-dev-blue-tg/9f5588e163d600e7",
            "arn_suffix": "targetgroup/like98100-deploy-dev-blue-tg/9f5588e163d600e7",
            "connection_termination": null,
            "deregistration_delay": "300",
            "health_check": [
              {
                "enabled": true,
                "healthy_threshold": 2,
                "interval": 30,
                "matcher": "200",
                "path": "/health",
                "port": "traffic-port",
                "protocol": "HTTP",
                "timeout": 5,
                "unhealthy_threshold": 2
              }
            ],
            "id": "arn:aws:elasticloadbalancing:ap-northeast-2:077672914621:targetgroup/like98100-deploy-dev-blue-tg/9f5588e163d600e7",
            "ip_address_type": "ipv4",
            "lambda_multi_value_headers_enabled": false,
            "load_balancer_arns": [],
            "load_balancing_algorithm_type": "round_robin",
            "load_balancing_anomaly_mitigation": "off",
            "load_balancing_cross_zone_enabled": "use_load_balancer_configuration",
            "name": "like98100-deploy-dev-blue-tg",
            "name_prefix": "",
            "port": 8080,
            "preserve_client_ip": null,
            "protocol": "HTTP",
            "protocol_version": "HTTP1",
            "proxy_protocol_v2": false,
            "slow_start": 0,
            "stickiness": [
              {
                "cookie_duration": 86400,
                "cookie_name": "",
                "enabled": false,
                "type": "lb_cookie"
              }
            ],
            "tags": {
              "Environment": "dev",
              "ManagedBy": "terraform",
              "Name": "like98100-deploy-dev-blue-tg",
              "Owner": "like98100",
              "Project": "deploy-test"
            },
            "tags_all": {
              "Environment": "dev",
              "ManagedBy": "terraform",
              "Name": "like98100-deploy-dev-blue-tg",
              "Owner": "like98100",
              "Project": "deploy-test"
            },
            "target_failover": [
              {
                "on_deregistration": null,
                "on_unhealthy": null
              }
            ],
            "target_group_health": [
              {
                "dns_failover": [
                  {
                    "minimum_healthy_targets_count": "1",
                    "minimum_healthy_targets_percentage": "off"
                  }
                ],
                "unhealthy_state_routing": [
                  {
                    "minimum_healthy_targets_count": 1,
                    "minimum_healthy_targets_percentage": "off"
                  }
                ]
              }
            ],
            "target_health_state": [
              {
                "enable_unhealthy_connection_termination": null,
                "unhealthy_draining_interval": null
              }
            ],
            "target_type": "ip",
            "vpc_id": "vpc-0ebac23e93f73261b"
          },
          "sensitive_attributes": [],
          "identity_schema_version": 0,
          "private": "bnVsbA==",
          "dependencies": [
            "module.vpc.aws_vpc.main"
          ]
        }
      ]
    },
    {
      "module": "module.alb",
      "mode": "managed",
      "type": "aws_lb_target_group",
      "name": "green",
      "provider": "provider[\"registry.terraform.io/hashicorp/aws\"]",
      "instances": [
        {
          "schema_version": 0,
          "attributes": {
            "arn": "arn:aws:elasticloadbalancing:ap-northeast-2:077672914621:targetgroup/like98100-deploy-dev-green-tg/e46e9c6f130964f5",
            "arn_suffix": "targetgroup/like98100-deploy-dev-green-tg/e46e9c6f130964f5",
            "connection_termination": null,
            "deregistration_delay": "300",
            "health_check": [
              {
                "enabled": true,
                "healthy_threshold": 2,
                "interval": 30,
                "matcher": "200",
                "path": "/health",
                "port": "traffic-port",
                "protocol": "HTTP",
                "timeout": 5,
                "unhealthy_threshold": 2
              }
            ],
            "id": "arn:aws:elasticloadbalancing:ap-northeast-2:077672914621:targetgroup/like98100-deploy-dev-green-tg/e46e9c6f130964f5",
            "ip_address_type": "ipv4",
            "lambda_multi_value_headers_enabled": false,
            "load_balancer_arns": [],
            "load_balancing_algorithm_type": "round_robin",
            "load_balancing_anomaly_mitigation": "off",
            "load_balancing_cross_zone_enabled": "use_load_balancer_configuration",
            "name": "like98100-deploy-dev-green-tg",
            "name_prefix": "",
            "port": 8080,
            "preserve_client_ip": null,
            "protocol": "HTTP",
            "protocol_version": "HTTP1",
            "proxy_protocol_v2": false,
            "slow_start": 0,
            "stickiness": [
              {
                "cookie_duration": 86400,
                "cookie_name": "",
                "enabled": false,
                "type": "lb_cookie"
              }
            ],
            "tags": {
              "Environment": "dev",
              "ManagedBy": "terraform",
              "Name": "like98100-deploy-dev-green-tg",
              "Owner": "like98100",
              "Project": "deploy-test"
            },
            "tags_all": {
              "Environment": "dev",
              "ManagedBy": "terraform",
              "Name": "like98100-deploy-dev-green-tg",
              "Owner": "like98100",
              "Project": "deploy-test"
            },
            "target_failover": [
              {
                "on_deregistration": null,
                "on_unhealthy": null
              }
            ],
            "target_group_health": [
              {
                "dns_failover": [
                  {
                    "minimum_healthy_targets_count": "1",
                    "minimum_healthy_targets_percentage": "off"
                  }
                ],
                "unhealthy_state_routing": [
                  {
                    "minimum_healthy_targets_count": 1,
                    "minimum_healthy_targets_percentage": "off"
                  }
                ]
              }
            ],
            "target_health_state": [
              {
                "enable_unhealthy_connection_termination": null,
                "unhealthy_draining_interval": null
              }
            ],
            "target_type": "ip",
            "vpc_id": "vpc-0ebac23e93f73261b"
          },
          "sensitive_attributes": [],
          "identity_schema_version": 0,
          "private": "bnVsbA==",
          "dependencies": [
            "module.vpc.aws_vpc.main"
          ]
        }
      ]
    },
    {
      "module": "module.codepipeline",
      "mode": "managed",
      "type": "aws_codebuild_project",
      "name": "main",
      "provider": "provider[\"registry.terraform.io/hashicorp/aws\"]",
      "instances": [
        {
          "schema_version": 0,
          "attributes": {
            "arn": "arn:aws:codebuild:ap-northeast-2:077672914621:project/like98100-deploy-dev-build",
            "artifacts": [
              {
                "artifact_identifier": "",
                "bucket_owner_access": "",
                "encryption_disabled": false,
                "location": "",
                "name": "like98100-deploy-dev-build",
                "namespace_type": "",
                "override_artifact_name": false,
                "packaging": "NONE",
                "path": "",
                "type": "CODEPIPELINE"
              }
            ],
            "badge_enabled": false,
            "badge_url": "",
            "build_batch_config": [],
            "build_timeout": 60,
            "cache": [
              {
                "location": "",
                "modes": [],
                "type": "NO_CACHE"
              }
            ],
            "concurrent_build_limit": 0,
            "description": "Build project for like98100-deploy",
            "encryption_key": "arn:aws:kms:ap-northeast-2:077672914621:alias/aws/s3",
            "environment": [
              {
                "certificate": "",
                "compute_type": "BUILD_GENERAL1_SMALL",
                "environment_variable": [
                  {
                    "name": "AWS_DEFAULT_REGION",
                    "type": "PLAINTEXT",
                    "value": "ap-northeast-2"
                  },
                  {
                    "name": "AWS_ACCOUNT_ID",
                    "type": "PLAINTEXT",
                    "value": "077672914621"
                  },
                  {
                    "name": "IMAGE_REPO_NAME",
                    "type": "PLAINTEXT",
                    "value": "like98100-deploy-dev"
                  },
                  {
                    "name": "IMAGE_URI",
                    "type": "PLAINTEXT",
                    "value": "077672914621.dkr.ecr.ap-northeast-2.amazonaws.com/like98100-deploy-dev"
                  }
                ],
                "fleet": [],
                "image": "aws/codebuild/standard:5.0",
                "image_pull_credentials_type": "CODEBUILD",
                "privileged_mode": true,
                "registry_credential": [],
                "type": "LINUX_CONTAINER"
              }
            ],
            "file_system_locations": [],
            "id": "arn:aws:codebuild:ap-northeast-2:077672914621:project/like98100-deploy-dev-build",
            "logs_config": [
              {
                "cloudwatch_logs": [
                  {
                    "group_name": "",
                    "status": "ENABLED",
                    "stream_name": ""
                  }
                ],
                "s3_logs": [
                  {
                    "bucket_owner_access": "",
                    "encryption_disabled": false,
                    "location": "",
                    "status": "DISABLED"
                  }
                ]
              }
            ],
            "name": "like98100-deploy-dev-build",
            "project_visibility": "PRIVATE",
            "public_project_alias": "",
            "queued_timeout": 480,
            "resource_access_role": "",
            "secondary_artifacts": [],
            "secondary_source_version": [],
            "secondary_sources": [],
            "service_role": "arn:aws:iam::077672914621:role/like98100-deploy-dev-codebuild-role",
            "source": [
              {
                "auth": [],
                "build_status_config": [],
                "buildspec": "buildspec.yml",
                "git_clone_depth": 0,
                "git_submodules_config": [],
                "insecure_ssl": false,
                "location": "",
                "report_build_status": false,
                "type": "CODEPIPELINE"
              }
            ],
            "source_version": "",
            "tags": {
              "Environment": "dev",
              "ManagedBy": "terraform",
              "Name": "like98100-deploy-dev-build",
              "Owner": "like98100",
              "Project": "deploy-test"
            },
            "tags_all": {
              "Environment": "dev",
              "ManagedBy": "terraform",
              "Name": "like98100-deploy-dev-build",
              "Owner": "like98100",
              "Project": "deploy-test"
            },
            "vpc_config": []
          },
          "sensitive_attributes": [],
          "identity_schema_version": 0,
          "private": "bnVsbA==",
          "dependencies": [
            "data.aws_caller_identity.current",
            "module.codepipeline.aws_iam_role.codebuild_role",
            "module.ecr.aws_ecr_repository.main"
          ]
        }
      ]
    },
    {
      "module": "module.codepipeline",
      "mode": "managed",
      "type": "aws_codedeploy_app",
      "name": "main",
      "provider": "provider[\"registry.terraform.io/hashicorp/aws\"]",
      "instances": [
        {
          "schema_version": 0,
          "attributes": {
            "application_id": "75d8e6fd-c895-427e-a324-b9a8eeb6d77a",
            "arn": "arn:aws:codedeploy:ap-northeast-2:077672914621:application:like98100-deploy-dev-app",
            "compute_platform": "ECS",
            "github_account_name": "",
            "id": "75d8e6fd-c895-427e-a324-b9a8eeb6d77a:like98100-deploy-dev-app",
            "linked_to_github": false,
            "name": "like98100-deploy-dev-app",
            "tags": {
              "Environment": "dev",
              "ManagedBy": "terraform",
              "Name": "like98100-deploy-dev-codedeploy-app",
              "Owner": "like98100",
              "Project": "deploy-test"
            },
            "tags_all": {
              "Environment": "dev",
              "ManagedBy": "terraform",
              "Name": "like98100-deploy-dev-codedeploy-app",
              "Owner": "like98100",
              "Project": "deploy-test"
            }
          },
          "sensitive_attributes": [],
          "identity_schema_version": 0,
          "private": "bnVsbA=="
        }
      ]
    },
    {
      "module": "module.codepipeline",
      "mode": "managed",
      "type": "aws_iam_role",
      "name": "codebuild_role",
      "provider": "provider[\"registry.terraform.io/hashicorp/aws\"]",
      "instances": [
        {
          "schema_version": 0,
          "attributes": {
            "arn": "arn:aws:iam::077672914621:role/like98100-deploy-dev-codebuild-role",
            "assume_role_policy": "{\"Statement\":[{\"Action\":\"sts:AssumeRole\",\"Effect\":\"Allow\",\"Principal\":{\"Service\":\"codebuild.amazonaws.com\"}}],\"Version\":\"2012-10-17\"}",
            "create_date": "2025-08-22T05:31:52Z",
            "description": "",
            "force_detach_policies": false,
            "id": "like98100-deploy-dev-codebuild-role",
            "inline_policy": [],
            "managed_policy_arns": [],
            "max_session_duration": 3600,
            "name": "like98100-deploy-dev-codebuild-role",
            "name_prefix": "",
            "path": "/",
            "permissions_boundary": "",
            "tags": {
              "Environment": "dev",
              "ManagedBy": "terraform",
              "Owner": "like98100",
              "Project": "deploy-test"
            },
            "tags_all": {
              "Environment": "dev",
              "ManagedBy": "terraform",
              "Owner": "like98100",
              "Project": "deploy-test"
            },
            "unique_id": "AROAREFNKT26RBIQZTS3L"
          },
          "sensitive_attributes": [],
          "identity_schema_version": 0,
          "private": "bnVsbA=="
        }
      ]
    },
    {
      "module": "module.codepipeline",
      "mode": "managed",
      "type": "aws_iam_role",
      "name": "codedeploy_role",
      "provider": "provider[\"registry.terraform.io/hashicorp/aws\"]",
      "instances": [
        {
          "schema_version": 0,
          "attributes": {
            "arn": "arn:aws:iam::077672914621:role/like98100-deploy-dev-codedeploy-role",
            "assume_role_policy": "{\"Statement\":[{\"Action\":\"sts:AssumeRole\",\"Effect\":\"Allow\",\"Principal\":{\"Service\":\"codedeploy.amazonaws.com\"}}],\"Version\":\"2012-10-17\"}",
            "create_date": "2025-08-22T05:31:52Z",
            "description": "",
            "force_detach_policies": false,
            "id": "like98100-deploy-dev-codedeploy-role",
            "inline_policy": [],
            "managed_policy_arns": [],
            "max_session_duration": 3600,
            "name": "like98100-deploy-dev-codedeploy-role",
            "name_prefix": "",
            "path": "/",
            "permissions_boundary": "",
            "tags": {
              "Environment": "dev",
              "ManagedBy": "terraform",
              "Owner": "like98100",
              "Project": "deploy-test"
            },
            "tags_all": {
              "Environment": "dev",
              "ManagedBy": "terraform",
              "Owner": "like98100",
              "Project": "deploy-test"
            },
            "unique_id": "AROAREFNKT2644YO4YZOQ"
          },
          "sensitive_attributes": [],
          "identity_schema_version": 0,
          "private": "bnVsbA=="
        }
      ]
    },
    {
      "module": "module.codepipeline",
      "mode": "managed",
      "type": "aws_iam_role",
      "name": "codepipeline_role",
      "provider": "provider[\"registry.terraform.io/hashicorp/aws\"]",
      "instances": [
        {
          "schema_version": 0,
          "attributes": {
            "arn": "arn:aws:iam::077672914621:role/like98100-deploy-dev-codepipeline-role",
            "assume_role_policy": "{\"Statement\":[{\"Action\":\"sts:AssumeRole\",\"Effect\":\"Allow\",\"Principal\":{\"Service\":\"codepipeline.amazonaws.com\"}}],\"Version\":\"2012-10-17\"}",
            "create_date": "2025-08-22T05:31:52Z",
            "description": "",
            "force_detach_policies": false,
            "id": "like98100-deploy-dev-codepipeline-role",
            "inline_policy": [],
            "managed_policy_arns": [],
            "max_session_duration": 3600,
            "name": "like98100-deploy-dev-codepipeline-role",
            "name_prefix": "",
            "path": "/",
            "permissions_boundary": "",
            "tags": {
              "Environment": "dev",
              "ManagedBy": "terraform",
              "Owner": "like98100",
              "Project": "deploy-test"
            },
            "tags_all": {
              "Environment": "dev",
              "ManagedBy": "terraform",
              "Owner": "like98100",
              "Project": "deploy-test"
            },
            "unique_id": "AROAREFNKT26VCAOCOHHO"
          },
          "sensitive_attributes": [],
          "identity_schema_version": 0,
          "private": "bnVsbA=="
        }
      ]
    },
    {
      "module": "module.codepipeline",
      "mode": "managed",
      "type": "aws_iam_role_policy",
      "name": "codebuild_policy",
      "provider": "provider[\"registry.terraform.io/hashicorp/aws\"]",
      "instances": [
        {
          "schema_version": 0,
          "attributes": {
            "id": "like98100-deploy-dev-codebuild-role:like98100-deploy-dev-codebuild-policy",
            "name": "like98100-deploy-dev-codebuild-policy",
            "name_prefix": "",
            "policy": "{\"Version\":\"2012-10-17\",\"Statement\":[{\"Action\":[\"logs:CreateLogGroup\",\"logs:CreateLogStream\",\"logs:PutLogEvents\"],\"Effect\":\"Allow\",\"Resource\":\"arn:aws:logs:*:*:*\"},{\"Action\":[\"ecr:BatchCheckLayerAvailability\",\"ecr:GetDownloadUrlForLayer\",\"ecr:BatchGetImage\",\"ecr:GetAuthorizationToken\",\"ecr:PutImage\",\"ecr:InitiateLayerUpload\",\"ecr:UploadLayerPart\",\"ecr:CompleteLayerUpload\"],\"Effect\":\"Allow\",\"Resource\":\"*\"},{\"Action\":[\"s3:GetBucketVersioning\",\"s3:PutObject\",\"s3:GetObject\",\"s3:GetObjectVersion\"],\"Effect\":\"Allow\",\"Resource\":[\"arn:aws:s3:::like98100-deploy-dev-codepipeline-artifacts-c7497f44ea752af6\",\"arn:aws:s3:::like98100-deploy-dev-codepipeline-artifacts-c7497f44ea752af6/*\"]}]}",
            "role": "like98100-deploy-dev-codebuild-role"
          },
          "sensitive_attributes": [],
          "identity_schema_version": 0,
          "private": "bnVsbA==",
          "dependencies": [
            "module.codepipeline.aws_iam_role.codebuild_role",
            "module.codepipeline.aws_s3_bucket.codepipeline_artifacts",
            "module.codepipeline.random_id.bucket_suffix"
          ]
        }
      ]
    },
    {
      "module": "module.codepipeline",
      "mode": "managed",
      "type": "aws_iam_role_policy",
      "name": "codepipeline_policy",
      "provider": "provider[\"registry.terraform.io/hashicorp/aws\"]",
      "instances": [
        {
          "schema_version": 0,
          "attributes": {
            "id": "like98100-deploy-dev-codepipeline-role:like98100-deploy-dev-codepipeline-policy",
            "name": "like98100-deploy-dev-codepipeline-policy",
            "name_prefix": "",
            "policy": "{\"Version\":\"2012-10-17\",\"Statement\":[{\"Action\":[\"s3:GetBucketVersioning\",\"s3:PutObject\",\"s3:GetObject\",\"s3:GetObjectVersion\"],\"Effect\":\"Allow\",\"Resource\":[\"arn:aws:s3:::like98100-deploy-dev-codepipeline-artifacts-c7497f44ea752af6\",\"arn:aws:s3:::like98100-deploy-dev-codepipeline-artifacts-c7497f44ea752af6/*\"]},{\"Action\":[\"codebuild:BatchGetBuilds\",\"codebuild:StartBuild\"],\"Effect\":\"Allow\",\"Resource\":\"*\"},{\"Action\":[\"codedeploy:CreateDeployment\",\"codedeploy:GetApplication\",\"codedeploy:GetApplicationRevision\",\"codedeploy:GetDeployment\",\"codedeploy:GetDeploymentConfig\",\"codedeploy:RegisterApplicationRevision\"],\"Effect\":\"Allow\",\"Resource\":\"*\"}]}",
            "role": "like98100-deploy-dev-codepipeline-role"
          },
          "sensitive_attributes": [],
          "identity_schema_version": 0,
          "private": "bnVsbA==",
          "dependencies": [
            "module.codepipeline.aws_iam_role.codepipeline_role",
            "module.codepipeline.aws_s3_bucket.codepipeline_artifacts",
            "module.codepipeline.random_id.bucket_suffix"
          ]
        }
      ]
    },
    {
      "module": "module.codepipeline",
      "mode": "managed",
      "type": "aws_s3_bucket",
      "name": "codepipeline_artifacts",
      "provider": "provider[\"registry.terraform.io/hashicorp/aws\"]",
      "instances": [
        {
          "schema_version": 0,
          "attributes": {
            "acceleration_status": "",
            "acl": null,
            "arn": "arn:aws:s3:::like98100-deploy-dev-codepipeline-artifacts-c7497f44ea752af6",
            "bucket": "like98100-deploy-dev-codepipeline-artifacts-c7497f44ea752af6",
            "bucket_domain_name": "like98100-deploy-dev-codepipeline-artifacts-c7497f44ea752af6.s3.amazonaws.com",
            "bucket_prefix": "",
            "bucket_regional_domain_name": "like98100-deploy-dev-codepipeline-artifacts-c7497f44ea752af6.s3.ap-northeast-2.amazonaws.com",
            "cors_rule": [],
            "force_destroy": false,
            "grant": [
              {
                "id": "21f974f8d93387137ddb004e7a27f99a35bd8cbab0f186fca8f713b4e55d51e5",
                "permissions": [
                  "FULL_CONTROL"
                ],
                "type": "CanonicalUser",
                "uri": ""
              }
            ],
            "hosted_zone_id": "Z3W03O7B5YMIYP",
            "id": "like98100-deploy-dev-codepipeline-artifacts-c7497f44ea752af6",
            "lifecycle_rule": [],
            "logging": [],
            "object_lock_configuration": [],
            "object_lock_enabled": false,
            "policy": "",
            "region": "ap-northeast-2",
            "replication_configuration": [],
            "request_payer": "BucketOwner",
            "server_side_encryption_configuration": [
              {
                "rule": [
                  {
                    "apply_server_side_encryption_by_default": [
                      {
                        "kms_master_key_id": "",
                        "sse_algorithm": "AES256"
                      }
                    ],
                    "bucket_key_enabled": false
                  }
                ]
              }
            ],
            "tags": {
              "Environment": "dev",
              "ManagedBy": "terraform",
              "Name": "like98100-deploy-dev-codepipeline-artifacts",
              "Owner": "like98100",
              "Project": "deploy-test"
            },
            "tags_all": {
              "Environment": "dev",
              "ManagedBy": "terraform",
              "Name": "like98100-deploy-dev-codepipeline-artifacts",
              "Owner": "like98100",
              "Project": "deploy-test"
            },
            "timeouts": null,
            "versioning": [
              {
                "enabled": false,
                "mfa_delete": false
              }
            ],
            "website": [],
            "website_domain": null,
            "website_endpoint": null
          },
          "sensitive_attributes": [],
          "identity_schema_version": 0,
          "private": "eyJlMmJmYjczMC1lY2FhLTExZTYtOGY4OC0zNDM2M2JjN2M0YzAiOnsiY3JlYXRlIjoxMjAwMDAwMDAwMDAwLCJkZWxldGUiOjM2MDAwMDAwMDAwMDAsInJlYWQiOjEyMDAwMDAwMDAwMDAsInVwZGF0ZSI6MTIwMDAwMDAwMDAwMH19",
          "dependencies": [
            "module.codepipeline.random_id.bucket_suffix"
          ]
        }
      ]
    },
    {
      "module": "module.codepipeline",
      "mode": "managed",
      "type": "aws_s3_bucket_public_access_block",
      "name": "codepipeline_artifacts",
      "provider": "provider[\"registry.terraform.io/hashicorp/aws\"]",
      "instances": [
        {
          "schema_version": 0,
          "attributes": {
            "block_public_acls": true,
            "block_public_policy": true,
            "bucket": "like98100-deploy-dev-codepipeline-artifacts-c7497f44ea752af6",
            "id": "like98100-deploy-dev-codepipeline-artifacts-c7497f44ea752af6",
            "ignore_public_acls": true,
            "restrict_public_buckets": true
          },
          "sensitive_attributes": [],
          "identity_schema_version": 0,
          "private": "bnVsbA==",
          "dependencies": [
            "module.codepipeline.aws_s3_bucket.codepipeline_artifacts",
            "module.codepipeline.random_id.bucket_suffix"
          ]
        }
      ]
    },
    {
      "module": "module.codepipeline",
      "mode": "managed",
      "type": "aws_s3_bucket_server_side_encryption_configuration",
      "name": "codepipeline_artifacts",
      "provider": "provider[\"registry.terraform.io/hashicorp/aws\"]",
      "instances": [
        {
          "schema_version": 0,
          "attributes": {
            "bucket": "like98100-deploy-dev-codepipeline-artifacts-c7497f44ea752af6",
            "expected_bucket_owner": "",
            "id": "like98100-deploy-dev-codepipeline-artifacts-c7497f44ea752af6",
            "rule": [
              {
                "apply_server_side_encryption_by_default": [
                  {
                    "kms_master_key_id": "",
                    "sse_algorithm": "AES256"
                  }
                ],
                "bucket_key_enabled": null
              }
            ]
          },
          "sensitive_attributes": [],
          "identity_schema_version": 0,
          "private": "bnVsbA==",
          "dependencies": [
            "module.codepipeline.aws_s3_bucket.codepipeline_artifacts",
            "module.codepipeline.random_id.bucket_suffix"
          ]
        }
      ]
    },
    {
      "module": "module.codepipeline",
      "mode": "managed",
      "type": "aws_s3_bucket_versioning",
      "name": "codepipeline_artifacts",
      "provider": "provider[\"registry.terraform.io/hashicorp/aws\"]",
      "instances": [
        {
          "schema_version": 0,
          "attributes": {
            "bucket": "like98100-deploy-dev-codepipeline-artifacts-c7497f44ea752af6",
            "expected_bucket_owner": "",
            "id": "like98100-deploy-dev-codepipeline-artifacts-c7497f44ea752af6",
            "mfa": null,
            "versioning_configuration": [
              {
                "mfa_delete": "",
                "status": "Enabled"
              }
            ]
          },
          "sensitive_attributes": [],
          "identity_schema_version": 0,
          "private": "bnVsbA==",
          "dependencies": [
            "module.codepipeline.aws_s3_bucket.codepipeline_artifacts",
            "module.codepipeline.random_id.bucket_suffix"
          ]
        }
      ]
    },
    {
      "module": "module.codepipeline",
      "mode": "managed",
      "type": "random_id",
      "name": "bucket_suffix",
      "provider": "provider[\"registry.terraform.io/hashicorp/random\"]",
      "instances": [
        {
          "schema_version": 0,
          "attributes": {
            "b64_std": "x0l/ROp1KvY=",
            "b64_url": "x0l_ROp1KvY",
            "byte_length": 8,
            "dec": "14360148820815588086",
            "hex": "c7497f44ea752af6",
            "id": "x0l_ROp1KvY",
            "keepers": null,
            "prefix": null
          },
          "sensitive_attributes": [],
          "identity_schema_version": 0
        }
      ]
    },
    {
      "module": "module.ecr",
      "mode": "managed",
      "type": "aws_ecr_lifecycle_policy",
      "name": "main",
      "provider": "provider[\"registry.terraform.io/hashicorp/aws\"]",
      "instances": [
        {
          "schema_version": 0,
          "attributes": {
            "id": "like98100-deploy-dev",
            "policy": "{\"rules\":[{\"action\":{\"type\":\"expire\"},\"description\":\"Keep last 10 images\",\"rulePriority\":1,\"selection\":{\"countNumber\":10,\"countType\":\"imageCountMoreThan\",\"tagPrefixList\":[\"v\"],\"tagStatus\":\"tagged\"}},{\"action\":{\"type\":\"expire\"},\"description\":\"Delete untagged images older than 1 day\",\"rulePriority\":2,\"selection\":{\"countNumber\":1,\"countType\":\"sinceImagePushed\",\"countUnit\":\"days\",\"tagStatus\":\"untagged\"}}]}",
            "registry_id": "077672914621",
            "repository": "like98100-deploy-dev"
          },
          "sensitive_attributes": [],
          "identity_schema_version": 0,
          "private": "bnVsbA==",
          "dependencies": [
            "module.ecr.aws_ecr_repository.main"
          ]
        }
      ]
    },
    {
      "module": "module.ecr",
      "mode": "managed",
      "type": "aws_ecr_repository",
      "name": "main",
      "provider": "provider[\"registry.terraform.io/hashicorp/aws\"]",
      "instances": [
        {
          "schema_version": 0,
          "attributes": {
            "arn": "arn:aws:ecr:ap-northeast-2:077672914621:repository/like98100-deploy-dev",
            "encryption_configuration": [
              {
                "encryption_type": "AES256",
                "kms_key": ""
              }
            ],
            "force_delete": null,
            "id": "like98100-deploy-dev",
            "image_scanning_configuration": [
              {
                "scan_on_push": true
              }
            ],
            "image_tag_mutability": "MUTABLE",
            "name": "like98100-deploy-dev",
            "registry_id": "077672914621",
            "repository_url": "077672914621.dkr.ecr.ap-northeast-2.amazonaws.com/like98100-deploy-dev",
            "tags": {
              "Environment": "dev",
              "ManagedBy": "terraform",
              "Name": "like98100-deploy-dev-ecr",
              "Owner": "like98100",
              "Project": "deploy-test"
            },
            "tags_all": {
              "Environment": "dev",
              "ManagedBy": "terraform",
              "Name": "like98100-deploy-dev-ecr",
              "Owner": "like98100",
              "Project": "deploy-test"
            },
            "timeouts": null
          },
          "sensitive_attributes": [],
          "identity_schema_version": 0,
          "private": "eyJlMmJmYjczMC1lY2FhLTExZTYtOGY4OC0zNDM2M2JjN2M0YzAiOnsiZGVsZXRlIjoxMjAwMDAwMDAwMDAwfX0="
        }
      ]
    },
    {
      "module": "module.ecs",
      "mode": "data",
      "type": "aws_region",
      "name": "current",
      "provider": "provider[\"registry.terraform.io/hashicorp/aws\"]",
      "instances": [
        {
          "schema_version": 0,
          "attributes": {
            "description": "Asia Pacific (Seoul)",
            "endpoint": "ec2.ap-northeast-2.amazonaws.com",
            "id": "ap-northeast-2",
            "name": "ap-northeast-2"
          },
          "sensitive_attributes": [],
          "identity_schema_version": 0
        }
      ]
    },
    {
      "module": "module.ecs",
      "mode": "managed",
      "type": "aws_cloudwatch_log_group",
      "name": "ecs",
      "provider": "provider[\"registry.terraform.io/hashicorp/aws\"]",
      "instances": [
        {
          "schema_version": 0,
          "attributes": {
            "arn": "arn:aws:logs:ap-northeast-2:077672914621:log-group:/ecs/like98100-deploy-dev",
            "id": "/ecs/like98100-deploy-dev",
            "kms_key_id": "",
            "log_group_class": "STANDARD",
            "name": "/ecs/like98100-deploy-dev",
            "name_prefix": "",
            "retention_in_days": 7,
            "skip_destroy": false,
            "tags": {
              "Environment": "dev",
              "ManagedBy": "terraform",
              "Name": "like98100-deploy-dev-log-group",
              "Owner": "like98100",
              "Project": "deploy-test"
            },
            "tags_all": {
              "Environment": "dev",
              "ManagedBy": "terraform",
              "Name": "like98100-deploy-dev-log-group",
              "Owner": "like98100",
              "Project": "deploy-test"
            }
          },
          "sensitive_attributes": [],
          "identity_schema_version": 0,
          "private": "bnVsbA=="
        }
      ]
    },
    {
      "module": "module.ecs",
      "mode": "managed",
      "type": "aws_ecs_cluster",
      "name": "main",
      "provider": "provider[\"registry.terraform.io/hashicorp/aws\"]",
      "instances": [
        {
          "schema_version": 0,
          "attributes": {
            "arn": "arn:aws:ecs:ap-northeast-2:077672914621:cluster/like98100-deploy-dev-cluster",
            "configuration": [
              {
                "execute_command_configuration": [
                  {
                    "kms_key_id": "",
                    "log_configuration": [
                      {
                        "cloud_watch_encryption_enabled": false,
                        "cloud_watch_log_group_name": "/ecs/like98100-deploy-dev",
                        "s3_bucket_encryption_enabled": false,
                        "s3_bucket_name": "",
                        "s3_key_prefix": ""
                      }
                    ],
                    "logging": "OVERRIDE"
                  }
                ],
                "managed_storage_configuration": []
              }
            ],
            "id": "arn:aws:ecs:ap-northeast-2:077672914621:cluster/like98100-deploy-dev-cluster",
            "name": "like98100-deploy-dev-cluster",
            "service_connect_defaults": [],
            "setting": [
              {
                "name": "containerInsights",
                "value": "disabled"
              }
            ],
            "tags": {
              "Environment": "dev",
              "ManagedBy": "terraform",
              "Name": "like98100-deploy-dev-cluster",
              "Owner": "like98100",
              "Project": "deploy-test"
            },
            "tags_all": {
              "Environment": "dev",
              "ManagedBy": "terraform",
              "Name": "like98100-deploy-dev-cluster",
              "Owner": "like98100",
              "Project": "deploy-test"
            }
          },
          "sensitive_attributes": [],
          "identity_schema_version": 0,
          "private": "bnVsbA==",
          "dependencies": [
            "module.ecs.aws_cloudwatch_log_group.ecs"
          ]
        }
      ]
    },
    {
      "module": "module.ecs",
      "mode": "managed",
      "type": "aws_ecs_service",
      "name": "main",
      "provider": "provider[\"registry.terraform.io/hashicorp/aws\"]",
      "instances": [
        {
          "schema_version": 1,
          "attributes": {
            "alarms": [],
            "availability_zone_rebalancing": "DISABLED",
            "capacity_provider_strategy": [],
            "cluster": "arn:aws:ecs:ap-northeast-2:077672914621:cluster/like98100-deploy-dev-cluster",
            "deployment_circuit_breaker": [],
            "deployment_controller": [
              {
                "type": "CODE_DEPLOY"
              }
            ],
            "deployment_maximum_percent": 200,
            "deployment_minimum_healthy_percent": 100,
            "desired_count": 2,
            "enable_ecs_managed_tags": false,
            "enable_execute_command": false,
            "force_delete": null,
            "force_new_deployment": null,
            "health_check_grace_period_seconds": 0,
            "iam_role": "/aws-service-role/ecs.amazonaws.com/AWSServiceRoleForECS",
            "id": "arn:aws:ecs:ap-northeast-2:077672914621:service/like98100-deploy-dev-cluster/like98100-deploy-dev-service",
            "launch_type": "FARGATE",
            "load_balancer": [
              {
                "container_name": "app",
                "container_port": 8080,
                "elb_name": "",
                "target_group_arn": "arn:aws:elasticloadbalancing:ap-northeast-2:077672914621:targetgroup/like98100-deploy-dev-blue-tg/9f5588e163d600e7"
              }
            ],
            "name": "like98100-deploy-dev-service",
            "network_configuration": [
              {
                "assign_public_ip": false,
                "security_groups": [
                  "sg-05a743783d3492af5"
                ],
                "subnets": [
                  "subnet-019faef2dd045916f",
                  "subnet-06aee904fa3005ed1"
                ]
              }
            ],
            "ordered_placement_strategy": [],
            "placement_constraints": [],
            "platform_version": "1.4.0",
            "propagate_tags": "NONE",
            "scheduling_strategy": "REPLICA",
            "service_connect_configuration": [],
            "service_registries": [],
            "tags": {
              "Environment": "dev",
              "ManagedBy": "terraform",
              "Name": "like98100-deploy-dev-service",
              "Owner": "like98100",
              "Project": "deploy-test"
            },
            "tags_all": {
              "Environment": "dev",
              "ManagedBy": "terraform",
              "Name": "like98100-deploy-dev-service",
              "Owner": "like98100",
              "Project": "deploy-test"
            },
            "task_definition": "arn:aws:ecs:ap-northeast-2:077672914621:task-definition/like98100-deploy-dev:1",
            "timeouts": null,
            "triggers": {},
            "volume_configuration": [],
            "vpc_lattice_configurations": [],
            "wait_for_steady_state": false
          },
          "sensitive_attributes": [],
          "identity_schema_version": 0,
          "private": "eyJlMmJmYjczMC1lY2FhLTExZTYtOGY4OC0zNDM2M2JjN2M0YzAiOnsiY3JlYXRlIjoxMjAwMDAwMDAwMDAwLCJkZWxldGUiOjEyMDAwMDAwMDAwMDAsInVwZGF0ZSI6MTIwMDAwMDAwMDAwMH0sInNjaGVtYV92ZXJzaW9uIjoiMSJ9",
          "dependencies": [
            "data.aws_availability_zones.available",
            "module.alb.aws_lb_target_group.blue",
            "module.ecr.aws_ecr_repository.main",
            "module.ecs.aws_cloudwatch_log_group.ecs",
            "module.ecs.aws_ecs_cluster.main",
            "module.ecs.aws_ecs_task_definition.main",
            "module.ecs.aws_iam_role.ecs_execution_role",
            "module.ecs.aws_iam_role.ecs_task_role",
            "module.ecs.aws_iam_role_policy_attachment.ecs_execution_role_policy",
            "module.ecs.data.aws_region.current",
            "module.security_groups.aws_security_group.alb",
            "module.security_groups.aws_security_group.ecs",
            "module.vpc.aws_subnet.private",
            "module.vpc.aws_vpc.main"
          ]
        }
      ]
    },
    {
      "module": "module.ecs",
      "mode": "managed",
      "type": "aws_ecs_task_definition",
      "name": "main",
      "provider": "provider[\"registry.terraform.io/hashicorp/aws\"]",
      "instances": [
        {
          "schema_version": 1,
          "attributes": {
            "arn": "arn:aws:ecs:ap-northeast-2:077672914621:task-definition/like98100-deploy-dev:1",
            "arn_without_revision": "arn:aws:ecs:ap-northeast-2:077672914621:task-definition/like98100-deploy-dev",
            "container_definitions": "[{\"environment\":[{\"name\":\"NODE_ENV\",\"value\":\"dev\"}],\"essential\":true,\"healthCheck\":{\"command\":[\"CMD-SHELL\",\"curl -f http://localhost:8080/health || exit 1\"],\"interval\":30,\"retries\":3,\"startPeriod\":60,\"timeout\":5},\"image\":\"077672914621.dkr.ecr.ap-northeast-2.amazonaws.com/like98100-deploy-dev:latest\",\"logConfiguration\":{\"logDriver\":\"awslogs\",\"options\":{\"awslogs-group\":\"/ecs/like98100-deploy-dev\",\"awslogs-region\":\"ap-northeast-2\",\"awslogs-stream-prefix\":\"ecs\"}},\"mountPoints\":[],\"name\":\"app\",\"portMappings\":[{\"containerPort\":8080,\"hostPort\":8080,\"protocol\":\"tcp\"}],\"systemControls\":[],\"volumesFrom\":[]}]",
            "cpu": "256",
            "enable_fault_injection": false,
            "ephemeral_storage": [],
            "execution_role_arn": "arn:aws:iam::077672914621:role/like98100-deploy-dev-ecs-execution-role",
            "family": "like98100-deploy-dev",
            "id": "like98100-deploy-dev",
            "inference_accelerator": [],
            "ipc_mode": "",
            "memory": "512",
            "network_mode": "awsvpc",
            "pid_mode": "",
            "placement_constraints": [],
            "proxy_configuration": [],
            "requires_compatibilities": [
              "FARGATE"
            ],
            "revision": 1,
            "runtime_platform": [],
            "skip_destroy": false,
            "tags": {
              "Environment": "dev",
              "ManagedBy": "terraform",
              "Name": "like98100-deploy-dev-task-definition",
              "Owner": "like98100",
              "Project": "deploy-test"
            },
            "tags_all": {
              "Environment": "dev",
              "ManagedBy": "terraform",
              "Name": "like98100-deploy-dev-task-definition",
              "Owner": "like98100",
              "Project": "deploy-test"
            },
            "task_role_arn": "arn:aws:iam::077672914621:role/like98100-deploy-dev-ecs-task-role",
            "track_latest": false,
            "volume": []
          },
          "sensitive_attributes": [],
          "identity_schema_version": 0,
          "private": "eyJzY2hlbWFfdmVyc2lvbiI6IjEifQ==",
          "dependencies": [
            "module.ecr.aws_ecr_repository.main",
            "module.ecs.aws_cloudwatch_log_group.ecs",
            "module.ecs.aws_iam_role.ecs_execution_role",
            "module.ecs.aws_iam_role.ecs_task_role",
            "module.ecs.data.aws_region.current"
          ]
        }
      ]
    },
    {
      "module": "module.ecs",
      "mode": "managed",
      "type": "aws_iam_role",
      "name": "ecs_execution_role",
      "provider": "provider[\"registry.terraform.io/hashicorp/aws\"]",
      "instances": [
        {
          "schema_version": 0,
          "attributes": {
            "arn": "arn:aws:iam::077672914621:role/like98100-deploy-dev-ecs-execution-role",
            "assume_role_policy": "{\"Statement\":[{\"Action\":\"sts:AssumeRole\",\"Effect\":\"Allow\",\"Principal\":{\"Service\":\"ecs-tasks.amazonaws.com\"}}],\"Version\":\"2012-10-17\"}",
            "create_date": "2025-08-22T05:31:52Z",
            "description": "",
            "force_detach_policies": false,
            "id": "like98100-deploy-dev-ecs-execution-role",
            "inline_policy": [],
            "managed_policy_arns": [],
            "max_session_duration": 3600,
            "name": "like98100-deploy-dev-ecs-execution-role",
            "name_prefix": "",
            "path": "/",
            "permissions_boundary": "",
            "tags": {
              "Environment": "dev",
              "ManagedBy": "terraform",
              "Owner": "like98100",
              "Project": "deploy-test"
            },
            "tags_all": {
              "Environment": "dev",
              "ManagedBy": "terraform",
              "Owner": "like98100",
              "Project": "deploy-test"
            },
            "unique_id": "AROAREFNKT2655NNRG2PG"
          },
          "sensitive_attributes": [],
          "identity_schema_version": 0,
          "private": "bnVsbA=="
        }
      ]
    },
    {
      "module": "module.ecs",
      "mode": "managed",
      "type": "aws_iam_role",
      "name": "ecs_task_role",
      "provider": "provider[\"registry.terraform.io/hashicorp/aws\"]",
      "instances": [
        {
          "schema_version": 0,
          "attributes": {
            "arn": "arn:aws:iam::077672914621:role/like98100-deploy-dev-ecs-task-role",
            "assume_role_policy": "{\"Statement\":[{\"Action\":\"sts:AssumeRole\",\"Effect\":\"Allow\",\"Principal\":{\"Service\":\"ecs-tasks.amazonaws.com\"}}],\"Version\":\"2012-10-17\"}",
            "create_date": "2025-08-22T05:31:52Z",
            "description": "",
            "force_detach_policies": false,
            "id": "like98100-deploy-dev-ecs-task-role",
            "inline_policy": [],
            "managed_policy_arns": [],
            "max_session_duration": 3600,
            "name": "like98100-deploy-dev-ecs-task-role",
            "name_prefix": "",
            "path": "/",
            "permissions_boundary": "",
            "tags": {
              "Environment": "dev",
              "ManagedBy": "terraform",
              "Owner": "like98100",
              "Project": "deploy-test"
            },
            "tags_all": {
              "Environment": "dev",
              "ManagedBy": "terraform",
              "Owner": "like98100",
              "Project": "deploy-test"
            },
            "unique_id": "AROAREFNKT26ZVSSFCPYB"
          },
          "sensitive_attributes": [],
          "identity_schema_version": 0,
          "private": "bnVsbA=="
        }
      ]
    },
    {
      "module": "module.ecs",
      "mode": "managed",
      "type": "aws_iam_role_policy",
      "name": "ecs_execution_role_custom_policy",
      "provider": "provider[\"registry.terraform.io/hashicorp/aws\"]",
      "instances": [
        {
          "schema_version": 0,
          "attributes": {
            "id": "like98100-deploy-dev-ecs-execution-role:like98100-deploy-dev-ecs-execution-custom-policy",
            "name": "like98100-deploy-dev-ecs-execution-custom-policy",
            "name_prefix": "",
            "policy": "{\"Version\":\"2012-10-17\",\"Statement\":[{\"Action\":[\"ecr:GetAuthorizationToken\",\"ecr:BatchCheckLayerAvailability\",\"ecr:GetDownloadUrlForLayer\",\"ecr:BatchGetImage\",\"logs:CreateLogStream\",\"logs:PutLogEvents\"],\"Effect\":\"Allow\",\"Resource\":\"*\"}]}",
            "role": "like98100-deploy-dev-ecs-execution-role"
          },
          "sensitive_attributes": [],
          "identity_schema_version": 0,
          "private": "bnVsbA==",
          "dependencies": [
            "module.ecs.aws_iam_role.ecs_execution_role"
          ]
        }
      ]
    },
    {
      "module": "module.ecs",
      "mode": "managed",
      "type": "aws_iam_role_policy_attachment",
      "name": "ecs_execution_role_policy",
      "provider": "provider[\"registry.terraform.io/hashicorp/aws\"]",
      "instances": [
        {
          "schema_version": 0,
          "attributes": {
            "id": "like98100-deploy-dev-ecs-execution-role-20250822053153237800000001",
            "policy_arn": "arn:aws:iam::aws:policy/service-role/AmazonECSTaskExecutionRolePolicy",
            "role": "like98100-deploy-dev-ecs-execution-role"
          },
          "sensitive_attributes": [],
          "identity_schema_version": 0,
          "private": "bnVsbA==",
          "dependencies": [
            "module.ecs.aws_iam_role.ecs_execution_role"
          ]
        }
      ]
    },
    {
      "module": "module.security_groups",
      "mode": "managed",
      "type": "aws_security_group",
      "name": "alb",
      "provider": "provider[\"registry.terraform.io/hashicorp/aws\"]",
      "instances": [
        {
          "schema_version": 1,
          "attributes": {
            "arn": "arn:aws:ec2:ap-northeast-2:077672914621:security-group/sg-02299c32ac0cd55ee",
            "description": "Security group for Application Load Balancer",
            "egress": [
              {
                "cidr_blocks": [
                  "0.0.0.0/0"
                ],
                "description": "",
                "from_port": 0,
                "ipv6_cidr_blocks": [],
                "prefix_list_ids": [],
                "protocol": "-1",
                "security_groups": [],
                "self": false,
                "to_port": 0
              }
            ],
            "id": "sg-02299c32ac0cd55ee",
            "ingress": [
              {
                "cidr_blocks": [
                  "0.0.0.0/0"
                ],
                "description": "HTTP",
                "from_port": 80,
                "ipv6_cidr_blocks": [],
                "prefix_list_ids": [],
                "protocol": "tcp",
                "security_groups": [],
                "self": false,
                "to_port": 80
              },
              {
                "cidr_blocks": [
                  "0.0.0.0/0"
                ],
                "description": "HTTPS",
                "from_port": 443,
                "ipv6_cidr_blocks": [],
                "prefix_list_ids": [],
                "protocol": "tcp",
                "security_groups": [],
                "self": false,
                "to_port": 443
              }
            ],
            "name": "like98100-deploy-dev-alb-sg",
            "name_prefix": "",
            "owner_id": "077672914621",
            "revoke_rules_on_delete": false,
            "tags": {
              "Environment": "dev",
              "ManagedBy": "terraform",
              "Name": "like98100-deploy-dev-alb-sg",
              "Owner": "like98100",
              "Project": "deploy-test"
            },
            "tags_all": {
              "Environment": "dev",
              "ManagedBy": "terraform",
              "Name": "like98100-deploy-dev-alb-sg",
              "Owner": "like98100",
              "Project": "deploy-test"
            },
            "timeouts": null,
            "vpc_id": "vpc-0ebac23e93f73261b"
          },
          "sensitive_attributes": [],
          "identity_schema_version": 0,
          "private": "eyJlMmJmYjczMC1lY2FhLTExZTYtOGY4OC0zNDM2M2JjN2M0YzAiOnsiY3JlYXRlIjo2MDAwMDAwMDAwMDAsImRlbGV0ZSI6OTAwMDAwMDAwMDAwfSwic2NoZW1hX3ZlcnNpb24iOiIxIn0=",
          "dependencies": [
            "module.vpc.aws_vpc.main"
          ]
        }
      ]
    },
    {
      "module": "module.security_groups",
      "mode": "managed",
      "type": "aws_security_group",
      "name": "ecs",
      "provider": "provider[\"registry.terraform.io/hashicorp/aws\"]",
      "instances": [
        {
          "schema_version": 1,
          "attributes": {
            "arn": "arn:aws:ec2:ap-northeast-2:077672914621:security-group/sg-05a743783d3492af5",
            "description": "Security group for ECS tasks",
            "egress": [
              {
                "cidr_blocks": [
                  "0.0.0.0/0"
                ],
                "description": "",
                "from_port": 0,
                "ipv6_cidr_blocks": [],
                "prefix_list_ids": [],
                "protocol": "-1",
                "security_groups": [],
                "self": false,
                "to_port": 0
              }
            ],
            "id": "sg-05a743783d3492af5",
            "ingress": [
              {
                "cidr_blocks": [],
                "description": "Custom port from ALB",
                "from_port": 8080,
                "ipv6_cidr_blocks": [],
                "prefix_list_ids": [],
                "protocol": "tcp",
                "security_groups": [
                  "sg-02299c32ac0cd55ee"
                ],
                "self": false,
                "to_port": 8080
              },
              {
                "cidr_blocks": [],
                "description": "HTTP from ALB",
                "from_port": 80,
                "ipv6_cidr_blocks": [],
                "prefix_list_ids": [],
                "protocol": "tcp",
                "security_groups": [
                  "sg-02299c32ac0cd55ee"
                ],
                "self": false,
                "to_port": 80
              }
            ],
            "name": "like98100-deploy-dev-ecs-sg",
            "name_prefix": "",
            "owner_id": "077672914621",
            "revoke_rules_on_delete": false,
            "tags": {
              "Environment": "dev",
              "ManagedBy": "terraform",
              "Name": "like98100-deploy-dev-ecs-sg",
              "Owner": "like98100",
              "Project": "deploy-test"
            },
            "tags_all": {
              "Environment": "dev",
              "ManagedBy": "terraform",
              "Name": "like98100-deploy-dev-ecs-sg",
              "Owner": "like98100",
              "Project": "deploy-test"
            },
            "timeouts": null,
            "vpc_id": "vpc-0ebac23e93f73261b"
          },
          "sensitive_attributes": [],
          "identity_schema_version": 0,
          "private": "eyJlMmJmYjczMC1lY2FhLTExZTYtOGY4OC0zNDM2M2JjN2M0YzAiOnsiY3JlYXRlIjo2MDAwMDAwMDAwMDAsImRlbGV0ZSI6OTAwMDAwMDAwMDAwfSwic2NoZW1hX3ZlcnNpb24iOiIxIn0=",
          "dependencies": [
            "module.security_groups.aws_security_group.alb",
            "module.vpc.aws_vpc.main"
          ]
        }
      ]
    },
    {
      "module": "module.vpc",
      "mode": "data",
      "type": "aws_region",
      "name": "current",
      "provider": "provider[\"registry.terraform.io/hashicorp/aws\"]",
      "instances": [
        {
          "schema_version": 0,
          "attributes": {
            "description": "Asia Pacific (Seoul)",
            "endpoint": "ec2.ap-northeast-2.amazonaws.com",
            "id": "ap-northeast-2",
            "name": "ap-northeast-2"
          },
          "sensitive_attributes": [],
          "identity_schema_version": 0
        }
      ]
    },
    {
      "module": "module.vpc",
      "mode": "managed",
      "type": "aws_internet_gateway",
      "name": "main",
      "provider": "provider[\"registry.terraform.io/hashicorp/aws\"]",
      "instances": [
        {
          "schema_version": 0,
          "attributes": {
            "arn": "arn:aws:ec2:ap-northeast-2:077672914621:internet-gateway/igw-052cb04a093311e2c",
            "id": "igw-052cb04a093311e2c",
            "owner_id": "077672914621",
            "tags": {
              "Environment": "dev",
              "ManagedBy": "terraform",
              "Name": "like98100-deploy-dev-igw",
              "Owner": "like98100",
              "Project": "deploy-test"
            },
            "tags_all": {
              "Environment": "dev",
              "ManagedBy": "terraform",
              "Name": "like98100-deploy-dev-igw",
              "Owner": "like98100",
              "Project": "deploy-test"
            },
            "timeouts": null,
            "vpc_id": "vpc-0ebac23e93f73261b"
          },
          "sensitive_attributes": [],
          "identity_schema_version": 0,
          "private": "eyJlMmJmYjczMC1lY2FhLTExZTYtOGY4OC0zNDM2M2JjN2M0YzAiOnsiY3JlYXRlIjoxMjAwMDAwMDAwMDAwLCJkZWxldGUiOjEyMDAwMDAwMDAwMDAsInVwZGF0ZSI6MTIwMDAwMDAwMDAwMH19",
          "dependencies": [
            "module.vpc.aws_vpc.main"
          ]
        }
      ]
    },
    {
      "module": "module.vpc",
      "mode": "managed",
      "type": "aws_route_table",
      "name": "private",
      "provider": "provider[\"registry.terraform.io/hashicorp/aws\"]",
      "instances": [
        {
          "schema_version": 0,
          "attributes": {
            "arn": "arn:aws:ec2:ap-northeast-2:077672914621:route-table/rtb-07c5ca57e70dcf547",
            "id": "rtb-07c5ca57e70dcf547",
            "owner_id": "077672914621",
            "propagating_vgws": [],
            "route": [],
            "tags": {
              "Environment": "dev",
              "ManagedBy": "terraform",
              "Name": "like98100-deploy-dev-private-rt",
              "Owner": "like98100",
              "Project": "deploy-test"
            },
            "tags_all": {
              "Environment": "dev",
              "ManagedBy": "terraform",
              "Name": "like98100-deploy-dev-private-rt",
              "Owner": "like98100",
              "Project": "deploy-test"
            },
            "timeouts": null,
            "vpc_id": "vpc-0ebac23e93f73261b"
          },
          "sensitive_attributes": [],
          "identity_schema_version": 0,
          "private": "eyJlMmJmYjczMC1lY2FhLTExZTYtOGY4OC0zNDM2M2JjN2M0YzAiOnsiY3JlYXRlIjozMDAwMDAwMDAwMDAsImRlbGV0ZSI6MzAwMDAwMDAwMDAwLCJ1cGRhdGUiOjEyMDAwMDAwMDAwMH19",
          "dependencies": [
            "module.vpc.aws_vpc.main"
          ]
        }
      ]
    },
    {
      "module": "module.vpc",
      "mode": "managed",
      "type": "aws_route_table",
      "name": "public",
      "provider": "provider[\"registry.terraform.io/hashicorp/aws\"]",
      "instances": [
        {
          "schema_version": 0,
          "attributes": {
            "arn": "arn:aws:ec2:ap-northeast-2:077672914621:route-table/rtb-0b166d84f49b1757f",
            "id": "rtb-0b166d84f49b1757f",
            "owner_id": "077672914621",
            "propagating_vgws": [],
            "route": [
              {
                "carrier_gateway_id": "",
                "cidr_block": "0.0.0.0/0",
                "core_network_arn": "",
                "destination_prefix_list_id": "",
                "egress_only_gateway_id": "",
                "gateway_id": "igw-052cb04a093311e2c",
                "ipv6_cidr_block": "",
                "local_gateway_id": "",
                "nat_gateway_id": "",
                "network_interface_id": "",
                "transit_gateway_id": "",
                "vpc_endpoint_id": "",
                "vpc_peering_connection_id": ""
              }
            ],
            "tags": {
              "Environment": "dev",
              "ManagedBy": "terraform",
              "Name": "like98100-deploy-dev-public-rt",
              "Owner": "like98100",
              "Project": "deploy-test"
            },
            "tags_all": {
              "Environment": "dev",
              "ManagedBy": "terraform",
              "Name": "like98100-deploy-dev-public-rt",
              "Owner": "like98100",
              "Project": "deploy-test"
            },
            "timeouts": null,
            "vpc_id": "vpc-0ebac23e93f73261b"
          },
          "sensitive_attributes": [],
          "identity_schema_version": 0,
          "private": "eyJlMmJmYjczMC1lY2FhLTExZTYtOGY4OC0zNDM2M2JjN2M0YzAiOnsiY3JlYXRlIjozMDAwMDAwMDAwMDAsImRlbGV0ZSI6MzAwMDAwMDAwMDAwLCJ1cGRhdGUiOjEyMDAwMDAwMDAwMH19",
          "dependencies": [
            "module.vpc.aws_internet_gateway.main",
            "module.vpc.aws_vpc.main"
          ]
        }
      ]
    },
    {
      "module": "module.vpc",
      "mode": "managed",
      "type": "aws_route_table_association",
      "name": "private",
      "provider": "provider[\"registry.terraform.io/hashicorp/aws\"]",
      "instances": [
        {
          "index_key": 0,
          "schema_version": 0,
          "attributes": {
            "gateway_id": "",
            "id": "rtbassoc-0d749e565019df75a",
            "route_table_id": "rtb-07c5ca57e70dcf547",
            "subnet_id": "subnet-019faef2dd045916f",
            "timeouts": null
          },
          "sensitive_attributes": [],
          "identity_schema_version": 0,
          "private": "eyJlMmJmYjczMC1lY2FhLTExZTYtOGY4OC0zNDM2M2JjN2M0YzAiOnsiY3JlYXRlIjozMDAwMDAwMDAwMDAsImRlbGV0ZSI6MzAwMDAwMDAwMDAwLCJ1cGRhdGUiOjEyMDAwMDAwMDAwMH19",
          "dependencies": [
            "data.aws_availability_zones.available",
            "module.vpc.aws_route_table.private",
            "module.vpc.aws_subnet.private",
            "module.vpc.aws_vpc.main"
          ]
        },
        {
          "index_key": 1,
          "schema_version": 0,
          "attributes": {
            "gateway_id": "",
            "id": "rtbassoc-0ee15d1316fe4cabf",
            "route_table_id": "rtb-07c5ca57e70dcf547",
            "subnet_id": "subnet-06aee904fa3005ed1",
            "timeouts": null
          },
          "sensitive_attributes": [],
          "identity_schema_version": 0,
          "private": "eyJlMmJmYjczMC1lY2FhLTExZTYtOGY4OC0zNDM2M2JjN2M0YzAiOnsiY3JlYXRlIjozMDAwMDAwMDAwMDAsImRlbGV0ZSI6MzAwMDAwMDAwMDAwLCJ1cGRhdGUiOjEyMDAwMDAwMDAwMH19",
          "dependencies": [
            "data.aws_availability_zones.available",
            "module.vpc.aws_route_table.private",
            "module.vpc.aws_subnet.private",
            "module.vpc.aws_vpc.main"
          ]
        }
      ]
    },
    {
      "module": "module.vpc",
      "mode": "managed",
      "type": "aws_route_table_association",
      "name": "public",
      "provider": "provider[\"registry.terraform.io/hashicorp/aws\"]",
      "instances": [
        {
          "index_key": 0,
          "schema_version": 0,
          "attributes": {
            "gateway_id": "",
            "id": "rtbassoc-0c5a110d2b39560bf",
            "route_table_id": "rtb-0b166d84f49b1757f",
            "subnet_id": "subnet-072eb13c4869fc20a",
            "timeouts": null
          },
          "sensitive_attributes": [],
          "identity_schema_version": 0,
          "private": "eyJlMmJmYjczMC1lY2FhLTExZTYtOGY4OC0zNDM2M2JjN2M0YzAiOnsiY3JlYXRlIjozMDAwMDAwMDAwMDAsImRlbGV0ZSI6MzAwMDAwMDAwMDAwLCJ1cGRhdGUiOjEyMDAwMDAwMDAwMH19",
          "dependencies": [
            "data.aws_availability_zones.available",
            "module.vpc.aws_internet_gateway.main",
            "module.vpc.aws_route_table.public",
            "module.vpc.aws_subnet.public",
            "module.vpc.aws_vpc.main"
          ]
        },
        {
          "index_key": 1,
          "schema_version": 0,
          "attributes": {
            "gateway_id": "",
            "id": "rtbassoc-0dbbf0aa7ba66909b",
            "route_table_id": "rtb-0b166d84f49b1757f",
            "subnet_id": "subnet-0452307860d23e702",
            "timeouts": null
          },
          "sensitive_attributes": [],
          "identity_schema_version": 0,
          "private": "eyJlMmJmYjczMC1lY2FhLTExZTYtOGY4OC0zNDM2M2JjN2M0YzAiOnsiY3JlYXRlIjozMDAwMDAwMDAwMDAsImRlbGV0ZSI6MzAwMDAwMDAwMDAwLCJ1cGRhdGUiOjEyMDAwMDAwMDAwMH19",
          "dependencies": [
            "data.aws_availability_zones.available",
            "module.vpc.aws_internet_gateway.main",
            "module.vpc.aws_route_table.public",
            "module.vpc.aws_subnet.public",
            "module.vpc.aws_vpc.main"
          ]
        }
      ]
    },
    {
      "module": "module.vpc",
      "mode": "managed",
      "type": "aws_security_group",
      "name": "vpc_endpoint",
      "provider": "provider[\"registry.terraform.io/hashicorp/aws\"]",
      "instances": [
        {
          "schema_version": 1,
          "attributes": {
            "arn": "arn:aws:ec2:ap-northeast-2:077672914621:security-group/sg-0996c8adf68a7fef4",
            "description": "Security group for VPC endpoints",
            "egress": [
              {
                "cidr_blocks": [
                  "0.0.0.0/0"
                ],
                "description": "",
                "from_port": 0,
                "ipv6_cidr_blocks": [],
                "prefix_list_ids": [],
                "protocol": "-1",
                "security_groups": [],
                "self": false,
                "to_port": 0
              }
            ],
            "id": "sg-0996c8adf68a7fef4",
            "ingress": [
              {
                "cidr_blocks": [
                  "10.10.0.0/16"
                ],
                "description": "",
                "from_port": 443,
                "ipv6_cidr_blocks": [],
                "prefix_list_ids": [],
                "protocol": "tcp",
                "security_groups": [],
                "self": false,
                "to_port": 443
              }
            ],
            "name": "like98100-deploy-dev-vpc-endpoint-sg",
            "name_prefix": "",
            "owner_id": "077672914621",
            "revoke_rules_on_delete": false,
            "tags": {
              "Environment": "dev",
              "ManagedBy": "terraform",
              "Name": "like98100-deploy-dev-vpc-endpoint-sg",
              "Owner": "like98100",
              "Project": "deploy-test"
            },
            "tags_all": {
              "Environment": "dev",
              "ManagedBy": "terraform",
              "Name": "like98100-deploy-dev-vpc-endpoint-sg",
              "Owner": "like98100",
              "Project": "deploy-test"
            },
            "timeouts": null,
            "vpc_id": "vpc-0ebac23e93f73261b"
          },
          "sensitive_attributes": [],
          "identity_schema_version": 0,
          "private": "eyJlMmJmYjczMC1lY2FhLTExZTYtOGY4OC0zNDM2M2JjN2M0YzAiOnsiY3JlYXRlIjo2MDAwMDAwMDAwMDAsImRlbGV0ZSI6OTAwMDAwMDAwMDAwfSwic2NoZW1hX3ZlcnNpb24iOiIxIn0=",
          "dependencies": [
            "module.vpc.aws_vpc.main"
          ]
        }
      ]
    },
    {
      "module": "module.vpc",
      "mode": "managed",
      "type": "aws_subnet",
      "name": "private",
      "provider": "provider[\"registry.terraform.io/hashicorp/aws\"]",
      "instances": [
        {
          "index_key": 0,
          "schema_version": 1,
          "attributes": {
            "arn": "arn:aws:ec2:ap-northeast-2:077672914621:subnet/subnet-019faef2dd045916f",
            "assign_ipv6_address_on_creation": false,
            "availability_zone": "ap-northeast-2a",
            "availability_zone_id": "apne2-az1",
            "cidr_block": "10.10.2.0/24",
            "customer_owned_ipv4_pool": "",
            "enable_dns64": false,
            "enable_lni_at_device_index": 0,
            "enable_resource_name_dns_a_record_on_launch": false,
            "enable_resource_name_dns_aaaa_record_on_launch": false,
            "id": "subnet-019faef2dd045916f",
            "ipv6_cidr_block": "",
            "ipv6_cidr_block_association_id": "",
            "ipv6_native": false,
            "map_customer_owned_ip_on_launch": false,
            "map_public_ip_on_launch": false,
            "outpost_arn": "",
            "owner_id": "077672914621",
            "private_dns_hostname_type_on_launch": "ip-name",
            "tags": {
              "Environment": "dev",
              "ManagedBy": "terraform",
              "Name": "like98100-deploy-dev-private-subnet-1",
              "Owner": "like98100",
              "Project": "deploy-test",
              "Type": "private"
            },
            "tags_all": {
              "Environment": "dev",
              "ManagedBy": "terraform",
              "Name": "like98100-deploy-dev-private-subnet-1",
              "Owner": "like98100",
              "Project": "deploy-test",
              "Type": "private"
            },
            "timeouts": null,
            "vpc_id": "vpc-0ebac23e93f73261b"
          },
          "sensitive_attributes": [],
          "identity_schema_version": 0,
          "private": "eyJlMmJmYjczMC1lY2FhLTExZTYtOGY4OC0zNDM2M2JjN2M0YzAiOnsiY3JlYXRlIjo2MDAwMDAwMDAwMDAsImRlbGV0ZSI6MTIwMDAwMDAwMDAwMH0sInNjaGVtYV92ZXJzaW9uIjoiMSJ9",
          "dependencies": [
            "data.aws_availability_zones.available",
            "module.vpc.aws_vpc.main"
          ]
        },
        {
          "index_key": 1,
          "schema_version": 1,
          "attributes": {
            "arn": "arn:aws:ec2:ap-northeast-2:077672914621:subnet/subnet-06aee904fa3005ed1",
            "assign_ipv6_address_on_creation": false,
            "availability_zone": "ap-northeast-2b",
            "availability_zone_id": "apne2-az2",
            "cidr_block": "10.10.4.0/24",
            "customer_owned_ipv4_pool": "",
            "enable_dns64": false,
            "enable_lni_at_device_index": 0,
            "enable_resource_name_dns_a_record_on_launch": false,
            "enable_resource_name_dns_aaaa_record_on_launch": false,
            "id": "subnet-06aee904fa3005ed1",
            "ipv6_cidr_block": "",
            "ipv6_cidr_block_association_id": "",
            "ipv6_native": false,
            "map_customer_owned_ip_on_launch": false,
            "map_public_ip_on_launch": false,
            "outpost_arn": "",
            "owner_id": "077672914621",
            "private_dns_hostname_type_on_launch": "ip-name",
            "tags": {
              "Environment": "dev",
              "ManagedBy": "terraform",
              "Name": "like98100-deploy-dev-private-subnet-2",
              "Owner": "like98100",
              "Project": "deploy-test",
              "Type": "private"
            },
            "tags_all": {
              "Environment": "dev",
              "ManagedBy": "terraform",
              "Name": "like98100-deploy-dev-private-subnet-2",
              "Owner": "like98100",
              "Project": "deploy-test",
              "Type": "private"
            },
            "timeouts": null,
            "vpc_id": "vpc-0ebac23e93f73261b"
          },
          "sensitive_attributes": [],
          "identity_schema_version": 0,
          "private": "eyJlMmJmYjczMC1lY2FhLTExZTYtOGY4OC0zNDM2M2JjN2M0YzAiOnsiY3JlYXRlIjo2MDAwMDAwMDAwMDAsImRlbGV0ZSI6MTIwMDAwMDAwMDAwMH0sInNjaGVtYV92ZXJzaW9uIjoiMSJ9",
          "dependencies": [
            "data.aws_availability_zones.available",
            "module.vpc.aws_vpc.main"
          ]
        }
      ]
    },
    {
      "module": "module.vpc",
      "mode": "managed",
      "type": "aws_subnet",
      "name": "public",
      "provider": "provider[\"registry.terraform.io/hashicorp/aws\"]",
      "instances": [
        {
          "index_key": 0,
          "schema_version": 1,
          "attributes": {
            "arn": "arn:aws:ec2:ap-northeast-2:077672914621:subnet/subnet-072eb13c4869fc20a",
            "assign_ipv6_address_on_creation": false,
            "availability_zone": "ap-northeast-2a",
            "availability_zone_id": "apne2-az1",
            "cidr_block": "10.10.1.0/24",
            "customer_owned_ipv4_pool": "",
            "enable_dns64": false,
            "enable_lni_at_device_index": 0,
            "enable_resource_name_dns_a_record_on_launch": false,
            "enable_resource_name_dns_aaaa_record_on_launch": false,
            "id": "subnet-072eb13c4869fc20a",
            "ipv6_cidr_block": "",
            "ipv6_cidr_block_association_id": "",
            "ipv6_native": false,
            "map_customer_owned_ip_on_launch": false,
            "map_public_ip_on_launch": true,
            "outpost_arn": "",
            "owner_id": "077672914621",
            "private_dns_hostname_type_on_launch": "ip-name",
            "tags": {
              "Environment": "dev",
              "ManagedBy": "terraform",
              "Name": "like98100-deploy-dev-public-subnet-1",
              "Owner": "like98100",
              "Project": "deploy-test",
              "Type": "public"
            },
            "tags_all": {
              "Environment": "dev",
              "ManagedBy": "terraform",
              "Name": "like98100-deploy-dev-public-subnet-1",
              "Owner": "like98100",
              "Project": "deploy-test",
              "Type": "public"
            },
            "timeouts": null,
            "vpc_id": "vpc-0ebac23e93f73261b"
          },
          "sensitive_attributes": [],
          "identity_schema_version": 0,
          "private": "eyJlMmJmYjczMC1lY2FhLTExZTYtOGY4OC0zNDM2M2JjN2M0YzAiOnsiY3JlYXRlIjo2MDAwMDAwMDAwMDAsImRlbGV0ZSI6MTIwMDAwMDAwMDAwMH0sInNjaGVtYV92ZXJzaW9uIjoiMSJ9",
          "dependencies": [
            "data.aws_availability_zones.available",
            "module.vpc.aws_vpc.main"
          ]
        },
        {
          "index_key": 1,
          "schema_version": 1,
          "attributes": {
            "arn": "arn:aws:ec2:ap-northeast-2:077672914621:subnet/subnet-0452307860d23e702",
            "assign_ipv6_address_on_creation": false,
            "availability_zone": "ap-northeast-2b",
            "availability_zone_id": "apne2-az2",
            "cidr_block": "10.10.3.0/24",
            "customer_owned_ipv4_pool": "",
            "enable_dns64": false,
            "enable_lni_at_device_index": 0,
            "enable_resource_name_dns_a_record_on_launch": false,
            "enable_resource_name_dns_aaaa_record_on_launch": false,
            "id": "subnet-0452307860d23e702",
            "ipv6_cidr_block": "",
            "ipv6_cidr_block_association_id": "",
            "ipv6_native": false,
            "map_customer_owned_ip_on_launch": false,
            "map_public_ip_on_launch": true,
            "outpost_arn": "",
            "owner_id": "077672914621",
            "private_dns_hostname_type_on_launch": "ip-name",
            "tags": {
              "Environment": "dev",
              "ManagedBy": "terraform",
              "Name": "like98100-deploy-dev-public-subnet-2",
              "Owner": "like98100",
              "Project": "deploy-test",
              "Type": "public"
            },
            "tags_all": {
              "Environment": "dev",
              "ManagedBy": "terraform",
              "Name": "like98100-deploy-dev-public-subnet-2",
              "Owner": "like98100",
              "Project": "deploy-test",
              "Type": "public"
            },
            "timeouts": null,
            "vpc_id": "vpc-0ebac23e93f73261b"
          },
          "sensitive_attributes": [],
          "identity_schema_version": 0,
          "private": "eyJlMmJmYjczMC1lY2FhLTExZTYtOGY4OC0zNDM2M2JjN2M0YzAiOnsiY3JlYXRlIjo2MDAwMDAwMDAwMDAsImRlbGV0ZSI6MTIwMDAwMDAwMDAwMH0sInNjaGVtYV92ZXJzaW9uIjoiMSJ9",
          "dependencies": [
            "data.aws_availability_zones.available",
            "module.vpc.aws_vpc.main"
          ]
        }
      ]
    },
    {
      "module": "module.vpc",
      "mode": "managed",
      "type": "aws_vpc",
      "name": "main",
      "provider": "provider[\"registry.terraform.io/hashicorp/aws\"]",
      "instances": [
        {
          "schema_version": 1,
          "attributes": {
            "arn": "arn:aws:ec2:ap-northeast-2:077672914621:vpc/vpc-0ebac23e93f73261b",
            "assign_generated_ipv6_cidr_block": false,
            "cidr_block": "10.10.0.0/16",
            "default_network_acl_id": "acl-0a3c7c5953f86ad2f",
            "default_route_table_id": "rtb-021f8fb781652d009",
            "default_security_group_id": "sg-0cf2f747da057995c",
            "dhcp_options_id": "dopt-0c5e006f744c7e851",
            "enable_dns_hostnames": true,
            "enable_dns_support": true,
            "enable_network_address_usage_metrics": false,
            "id": "vpc-0ebac23e93f73261b",
            "instance_tenancy": "default",
            "ipv4_ipam_pool_id": null,
            "ipv4_netmask_length": null,
            "ipv6_association_id": "",
            "ipv6_cidr_block": "",
            "ipv6_cidr_block_network_border_group": "",
            "ipv6_ipam_pool_id": "",
            "ipv6_netmask_length": 0,
            "main_route_table_id": "rtb-021f8fb781652d009",
            "owner_id": "077672914621",
            "tags": {
              "Environment": "dev",
              "ManagedBy": "terraform",
              "Name": "like98100-deploy-dev-vpc",
              "Owner": "like98100",
              "Project": "deploy-test"
            },
            "tags_all": {
              "Environment": "dev",
              "ManagedBy": "terraform",
              "Name": "like98100-deploy-dev-vpc",
              "Owner": "like98100",
              "Project": "deploy-test"
            }
          },
          "sensitive_attributes": [],
          "identity_schema_version": 0,
          "private": "eyJzY2hlbWFfdmVyc2lvbiI6IjEifQ=="
        }
      ]
    },
    {
      "module": "module.vpc",
      "mode": "managed",
      "type": "aws_vpc_endpoint",
      "name": "cloudwatch_logs",
      "provider": "provider[\"registry.terraform.io/hashicorp/aws\"]",
      "instances": [
        {
          "schema_version": 0,
          "attributes": {
            "arn": "arn:aws:ec2:ap-northeast-2:077672914621:vpc-endpoint/vpce-0f956b0a8c7029720",
            "auto_accept": null,
            "cidr_blocks": [],
            "dns_entry": [
              {
                "dns_name": "vpce-0f956b0a8c7029720-nh4ha3uo.logs.ap-northeast-2.vpce.amazonaws.com",
                "hosted_zone_id": "Z27UANNT0PRK1T"
              },
              {
                "dns_name": "vpce-0f956b0a8c7029720-nh4ha3uo-ap-northeast-2a.logs.ap-northeast-2.vpce.amazonaws.com",
                "hosted_zone_id": "Z27UANNT0PRK1T"
              },
              {
                "dns_name": "vpce-0f956b0a8c7029720-nh4ha3uo-ap-northeast-2b.logs.ap-northeast-2.vpce.amazonaws.com",
                "hosted_zone_id": "Z27UANNT0PRK1T"
              },
              {
                "dns_name": "logs.ap-northeast-2.amazonaws.com",
                "hosted_zone_id": "Z0491320Q8JV9290KJI0"
              },
              {
                "dns_name": "logs.ap-northeast-2.api.aws",
                "hosted_zone_id": "Z0484163123BUK4PJKQ6K"
              },
              {
                "dns_name": "streaming-logs.ap-northeast-2.api.aws",
                "hosted_zone_id": "Z081922829AJ0H6OAMN4I"
              },
              {
                "dns_name": "streaming-logs.ap-northeast-2.amazonaws.com",
                "hosted_zone_id": "Z081920634NG7ZLBTENY4"
              }
            ],
            "dns_options": [
              {
                "dns_record_ip_type": "ipv4",
                "private_dns_only_for_inbound_resolver_endpoint": false
              }
            ],
            "id": "vpce-0f956b0a8c7029720",
            "ip_address_type": "ipv4",
            "network_interface_ids": [
              "eni-00a00e3046b266742",
              "eni-0627b2520f40e6434"
            ],
            "owner_id": "077672914621",
            "policy": "{\"Statement\":[{\"Action\":\"*\",\"Effect\":\"Allow\",\"Principal\":\"*\",\"Resource\":\"*\"}]}",
            "prefix_list_id": null,
            "private_dns_enabled": true,
            "requester_managed": false,
            "resource_configuration_arn": "",
            "route_table_ids": [],
            "security_group_ids": [
              "sg-0996c8adf68a7fef4"
            ],
            "service_name": "com.amazonaws.ap-northeast-2.logs",
            "service_network_arn": "",
            "service_region": "ap-northeast-2",
            "state": "available",
            "subnet_configuration": [
              {
                "ipv4": "10.10.2.159",
                "ipv6": "",
                "subnet_id": "subnet-019faef2dd045916f"
              },
              {
                "ipv4": "10.10.4.40",
                "ipv6": "",
                "subnet_id": "subnet-06aee904fa3005ed1"
              }
            ],
            "subnet_ids": [
              "subnet-019faef2dd045916f",
              "subnet-06aee904fa3005ed1"
            ],
            "tags": {
              "Environment": "dev",
              "ManagedBy": "terraform",
              "Name": "like98100-deploy-dev-logs-endpoint",
              "Owner": "like98100",
              "Project": "deploy-test"
            },
            "tags_all": {
              "Environment": "dev",
              "ManagedBy": "terraform",
              "Name": "like98100-deploy-dev-logs-endpoint",
              "Owner": "like98100",
              "Project": "deploy-test"
            },
            "timeouts": null,
            "vpc_endpoint_type": "Interface",
            "vpc_id": "vpc-0ebac23e93f73261b"
          },
          "sensitive_attributes": [],
          "identity_schema_version": 0,
          "private": "eyJlMmJmYjczMC1lY2FhLTExZTYtOGY4OC0zNDM2M2JjN2M0YzAiOnsiY3JlYXRlIjo2MDAwMDAwMDAwMDAsImRlbGV0ZSI6NjAwMDAwMDAwMDAwLCJ1cGRhdGUiOjYwMDAwMDAwMDAwMH19",
          "dependencies": [
            "data.aws_availability_zones.available",
            "module.vpc.aws_security_group.vpc_endpoint",
            "module.vpc.aws_subnet.private",
            "module.vpc.aws_vpc.main",
            "module.vpc.data.aws_region.current"
          ]
        }
      ]
    },
    {
      "module": "module.vpc",
      "mode": "managed",
      "type": "aws_vpc_endpoint",
      "name": "ecr_api",
      "provider": "provider[\"registry.terraform.io/hashicorp/aws\"]",
      "instances": [
        {
          "schema_version": 0,
          "attributes": {
            "arn": "arn:aws:ec2:ap-northeast-2:077672914621:vpc-endpoint/vpce-0a65fbe235b783833",
            "auto_accept": null,
            "cidr_blocks": [],
            "dns_entry": [
              {
                "dns_name": "vpce-0a65fbe235b783833-usom4szt.api.ecr.ap-northeast-2.vpce.amazonaws.com",
                "hosted_zone_id": "Z27UANNT0PRK1T"
              },
              {
                "dns_name": "vpce-0a65fbe235b783833-usom4szt-ap-northeast-2b.api.ecr.ap-northeast-2.vpce.amazonaws.com",
                "hosted_zone_id": "Z27UANNT0PRK1T"
              },
              {
                "dns_name": "vpce-0a65fbe235b783833-usom4szt-ap-northeast-2a.api.ecr.ap-northeast-2.vpce.amazonaws.com",
                "hosted_zone_id": "Z27UANNT0PRK1T"
              },
              {
                "dns_name": "api.ecr.ap-northeast-2.amazonaws.com",
                "hosted_zone_id": "Z028152488XU1060X5KU"
              },
              {
                "dns_name": "ecr.ap-northeast-2.api.aws",
                "hosted_zone_id": "Z04287762PHABTOBEHDQ6"
              }
            ],
            "dns_options": [
              {
                "dns_record_ip_type": "ipv4",
                "private_dns_only_for_inbound_resolver_endpoint": false
              }
            ],
            "id": "vpce-0a65fbe235b783833",
            "ip_address_type": "ipv4",
            "network_interface_ids": [
              "eni-004a932643ca94c68",
              "eni-048665f270aedf053"
            ],
            "owner_id": "077672914621",
            "policy": "{\"Statement\":[{\"Action\":\"*\",\"Effect\":\"Allow\",\"Principal\":\"*\",\"Resource\":\"*\"}]}",
            "prefix_list_id": null,
            "private_dns_enabled": true,
            "requester_managed": false,
            "resource_configuration_arn": "",
            "route_table_ids": [],
            "security_group_ids": [
              "sg-0996c8adf68a7fef4"
            ],
            "service_name": "com.amazonaws.ap-northeast-2.ecr.api",
            "service_network_arn": "",
            "service_region": "ap-northeast-2",
            "state": "available",
            "subnet_configuration": [
              {
                "ipv4": "10.10.2.201",
                "ipv6": "",
                "subnet_id": "subnet-019faef2dd045916f"
              },
              {
                "ipv4": "10.10.4.219",
                "ipv6": "",
                "subnet_id": "subnet-06aee904fa3005ed1"
              }
            ],
            "subnet_ids": [
              "subnet-019faef2dd045916f",
              "subnet-06aee904fa3005ed1"
            ],
            "tags": {
              "Environment": "dev",
              "ManagedBy": "terraform",
              "Name": "like98100-deploy-dev-ecr-api-endpoint",
              "Owner": "like98100",
              "Project": "deploy-test"
            },
            "tags_all": {
              "Environment": "dev",
              "ManagedBy": "terraform",
              "Name": "like98100-deploy-dev-ecr-api-endpoint",
              "Owner": "like98100",
              "Project": "deploy-test"
            },
            "timeouts": null,
            "vpc_endpoint_type": "Interface",
            "vpc_id": "vpc-0ebac23e93f73261b"
          },
          "sensitive_attributes": [],
          "identity_schema_version": 0,
          "private": "eyJlMmJmYjczMC1lY2FhLTExZTYtOGY4OC0zNDM2M2JjN2M0YzAiOnsiY3JlYXRlIjo2MDAwMDAwMDAwMDAsImRlbGV0ZSI6NjAwMDAwMDAwMDAwLCJ1cGRhdGUiOjYwMDAwMDAwMDAwMH19",
          "dependencies": [
            "data.aws_availability_zones.available",
            "module.vpc.aws_security_group.vpc_endpoint",
            "module.vpc.aws_subnet.private",
            "module.vpc.aws_vpc.main",
            "module.vpc.data.aws_region.current"
          ]
        }
      ]
    },
    {
      "module": "module.vpc",
      "mode": "managed",
      "type": "aws_vpc_endpoint",
      "name": "ecr_dkr",
      "provider": "provider[\"registry.terraform.io/hashicorp/aws\"]",
      "instances": [
        {
          "schema_version": 0,
          "attributes": {
            "arn": "arn:aws:ec2:ap-northeast-2:077672914621:vpc-endpoint/vpce-0191b5e5ef63a1717",
            "auto_accept": null,
            "cidr_blocks": [],
            "dns_entry": [
              {
                "dns_name": "vpce-0191b5e5ef63a1717-68e5q7uk.dkr.ecr.ap-northeast-2.vpce.amazonaws.com",
                "hosted_zone_id": "Z27UANNT0PRK1T"
              },
              {
                "dns_name": "vpce-0191b5e5ef63a1717-68e5q7uk-ap-northeast-2a.dkr.ecr.ap-northeast-2.vpce.amazonaws.com",
                "hosted_zone_id": "Z27UANNT0PRK1T"
              },
              {
                "dns_name": "vpce-0191b5e5ef63a1717-68e5q7uk-ap-northeast-2b.dkr.ecr.ap-northeast-2.vpce.amazonaws.com",
                "hosted_zone_id": "Z27UANNT0PRK1T"
              },
              {
                "dns_name": "dkr.ecr.ap-northeast-2.amazonaws.com",
                "hosted_zone_id": "Z04280691TZVOKCW2UY03"
              },
              {
                "dns_name": "*.dkr.ecr.ap-northeast-2.amazonaws.com",
                "hosted_zone_id": "Z04280691TZVOKCW2UY03"
              },
              {
                "dns_name": "dkr-ecr.ap-northeast-2.on.aws",
                "hosted_zone_id": "Z04386833ANRRMORK96LV"
              },
              {
                "dns_name": "*.dkr-ecr.ap-northeast-2.on.aws",
                "hosted_zone_id": "Z04386833ANRRMORK96LV"
              }
            ],
            "dns_options": [
              {
                "dns_record_ip_type": "ipv4",
                "private_dns_only_for_inbound_resolver_endpoint": false
              }
            ],
            "id": "vpce-0191b5e5ef63a1717",
            "ip_address_type": "ipv4",
            "network_interface_ids": [
              "eni-00ddc09fc5fafe59b",
              "eni-0350e78a9a773eb5e"
            ],
            "owner_id": "077672914621",
            "policy": "{\"Statement\":[{\"Action\":\"*\",\"Effect\":\"Allow\",\"Principal\":\"*\",\"Resource\":\"*\"}]}",
            "prefix_list_id": null,
            "private_dns_enabled": true,
            "requester_managed": false,
            "resource_configuration_arn": "",
            "route_table_ids": [],
            "security_group_ids": [
              "sg-0996c8adf68a7fef4"
            ],
            "service_name": "com.amazonaws.ap-northeast-2.ecr.dkr",
            "service_network_arn": "",
            "service_region": "ap-northeast-2",
            "state": "available",
            "subnet_configuration": [
              {
                "ipv4": "10.10.2.110",
                "ipv6": "",
                "subnet_id": "subnet-019faef2dd045916f"
              },
              {
                "ipv4": "10.10.4.154",
                "ipv6": "",
                "subnet_id": "subnet-06aee904fa3005ed1"
              }
            ],
            "subnet_ids": [
              "subnet-019faef2dd045916f",
              "subnet-06aee904fa3005ed1"
            ],
            "tags": {
              "Environment": "dev",
              "ManagedBy": "terraform",
              "Name": "like98100-deploy-dev-ecr-dkr-endpoint",
              "Owner": "like98100",
              "Project": "deploy-test"
            },
            "tags_all": {
              "Environment": "dev",
              "ManagedBy": "terraform",
              "Name": "like98100-deploy-dev-ecr-dkr-endpoint",
              "Owner": "like98100",
              "Project": "deploy-test"
            },
            "timeouts": null,
            "vpc_endpoint_type": "Interface",
            "vpc_id": "vpc-0ebac23e93f73261b"
          },
          "sensitive_attributes": [],
          "identity_schema_version": 0,
          "private": "eyJlMmJmYjczMC1lY2FhLTExZTYtOGY4OC0zNDM2M2JjN2M0YzAiOnsiY3JlYXRlIjo2MDAwMDAwMDAwMDAsImRlbGV0ZSI6NjAwMDAwMDAwMDAwLCJ1cGRhdGUiOjYwMDAwMDAwMDAwMH19",
          "dependencies": [
            "data.aws_availability_zones.available",
            "module.vpc.aws_security_group.vpc_endpoint",
            "module.vpc.aws_subnet.private",
            "module.vpc.aws_vpc.main",
            "module.vpc.data.aws_region.current"
          ]
        }
      ]
    },
    {
      "module": "module.vpc",
      "mode": "managed",
      "type": "aws_vpc_endpoint",
      "name": "ecs",
      "provider": "provider[\"registry.terraform.io/hashicorp/aws\"]",
      "instances": [
        {
          "schema_version": 0,
          "attributes": {
            "arn": "arn:aws:ec2:ap-northeast-2:077672914621:vpc-endpoint/vpce-03fd5c796e57051a0",
            "auto_accept": null,
            "cidr_blocks": [],
            "dns_entry": [
              {
                "dns_name": "vpce-03fd5c796e57051a0-qleswwzp.ecs.ap-northeast-2.vpce.amazonaws.com",
                "hosted_zone_id": "Z27UANNT0PRK1T"
              },
              {
                "dns_name": "vpce-03fd5c796e57051a0-qleswwzp-ap-northeast-2b.ecs.ap-northeast-2.vpce.amazonaws.com",
                "hosted_zone_id": "Z27UANNT0PRK1T"
              },
              {
                "dns_name": "vpce-03fd5c796e57051a0-qleswwzp-ap-northeast-2a.ecs.ap-northeast-2.vpce.amazonaws.com",
                "hosted_zone_id": "Z27UANNT0PRK1T"
              },
              {
                "dns_name": "ecs.ap-northeast-2.amazonaws.com",
                "hosted_zone_id": "Z04897362RSSR5H9O0MKH"
              },
              {
                "dns_name": "ecs.ap-northeast-2.api.aws",
                "hosted_zone_id": "Z04911298NHWTD4RTAF2"
              }
            ],
            "dns_options": [
              {
                "dns_record_ip_type": "ipv4",
                "private_dns_only_for_inbound_resolver_endpoint": false
              }
            ],
            "id": "vpce-03fd5c796e57051a0",
            "ip_address_type": "ipv4",
            "network_interface_ids": [
              "eni-075cc2d63e72fe05d",
              "eni-0d73fc2b3e80f66e6"
            ],
            "owner_id": "077672914621",
            "policy": "{\"Statement\":[{\"Action\":\"*\",\"Effect\":\"Allow\",\"Principal\":\"*\",\"Resource\":\"*\"}]}",
            "prefix_list_id": null,
            "private_dns_enabled": true,
            "requester_managed": false,
            "resource_configuration_arn": "",
            "route_table_ids": [],
            "security_group_ids": [
              "sg-0996c8adf68a7fef4"
            ],
            "service_name": "com.amazonaws.ap-northeast-2.ecs",
            "service_network_arn": "",
            "service_region": "ap-northeast-2",
            "state": "available",
            "subnet_configuration": [
              {
                "ipv4": "10.10.2.165",
                "ipv6": "",
                "subnet_id": "subnet-019faef2dd045916f"
              },
              {
                "ipv4": "10.10.4.210",
                "ipv6": "",
                "subnet_id": "subnet-06aee904fa3005ed1"
              }
            ],
            "subnet_ids": [
              "subnet-019faef2dd045916f",
              "subnet-06aee904fa3005ed1"
            ],
            "tags": {
              "Environment": "dev",
              "ManagedBy": "terraform",
              "Name": "like98100-deploy-dev-ecs-endpoint",
              "Owner": "like98100",
              "Project": "deploy-test"
            },
            "tags_all": {
              "Environment": "dev",
              "ManagedBy": "terraform",
              "Name": "like98100-deploy-dev-ecs-endpoint",
              "Owner": "like98100",
              "Project": "deploy-test"
            },
            "timeouts": null,
            "vpc_endpoint_type": "Interface",
            "vpc_id": "vpc-0ebac23e93f73261b"
          },
          "sensitive_attributes": [],
          "identity_schema_version": 0,
          "private": "eyJlMmJmYjczMC1lY2FhLTExZTYtOGY4OC0zNDM2M2JjN2M0YzAiOnsiY3JlYXRlIjo2MDAwMDAwMDAwMDAsImRlbGV0ZSI6NjAwMDAwMDAwMDAwLCJ1cGRhdGUiOjYwMDAwMDAwMDAwMH19",
          "dependencies": [
            "data.aws_availability_zones.available",
            "module.vpc.aws_security_group.vpc_endpoint",
            "module.vpc.aws_subnet.private",
            "module.vpc.aws_vpc.main",
            "module.vpc.data.aws_region.current"
          ]
        }
      ]
    },
    {
      "module": "module.vpc",
      "mode": "managed",
      "type": "aws_vpc_endpoint",
      "name": "ecs_agent",
      "provider": "provider[\"registry.terraform.io/hashicorp/aws\"]",
      "instances": [
        {
          "schema_version": 0,
          "attributes": {
            "arn": "arn:aws:ec2:ap-northeast-2:077672914621:vpc-endpoint/vpce-0739f6cd203fd025f",
            "auto_accept": null,
            "cidr_blocks": [],
            "dns_entry": [
              {
                "dns_name": "vpce-0739f6cd203fd025f-xr4a4xn2.ecs-a.ap-northeast-2.vpce.amazonaws.com",
                "hosted_zone_id": "Z27UANNT0PRK1T"
              },
              {
                "dns_name": "vpce-0739f6cd203fd025f-xr4a4xn2-ap-northeast-2a.ecs-a.ap-northeast-2.vpce.amazonaws.com",
                "hosted_zone_id": "Z27UANNT0PRK1T"
              },
              {
                "dns_name": "vpce-0739f6cd203fd025f-xr4a4xn2-ap-northeast-2b.ecs-a.ap-northeast-2.vpce.amazonaws.com",
                "hosted_zone_id": "Z27UANNT0PRK1T"
              },
              {
                "dns_name": "ecs-a.ap-northeast-2.amazonaws.com",
                "hosted_zone_id": "Z082665515XYPAFJUVB73"
              },
              {
                "dns_name": "ecs-a.ap-northeast-2.api.aws",
                "hosted_zone_id": "Z08261321CCWI8KY4OB4"
              }
            ],
            "dns_options": [
              {
                "dns_record_ip_type": "ipv4",
                "private_dns_only_for_inbound_resolver_endpoint": false
              }
            ],
            "id": "vpce-0739f6cd203fd025f",
            "ip_address_type": "ipv4",
            "network_interface_ids": [
              "eni-028dbac94f02cd751",
              "eni-068c906a45e247c9e"
            ],
            "owner_id": "077672914621",
            "policy": "{\"Statement\":[{\"Action\":\"*\",\"Effect\":\"Allow\",\"Principal\":\"*\",\"Resource\":\"*\"}]}",
            "prefix_list_id": null,
            "private_dns_enabled": true,
            "requester_managed": false,
            "resource_configuration_arn": "",
            "route_table_ids": [],
            "security_group_ids": [
              "sg-0996c8adf68a7fef4"
            ],
            "service_name": "com.amazonaws.ap-northeast-2.ecs-agent",
            "service_network_arn": "",
            "service_region": "ap-northeast-2",
            "state": "available",
            "subnet_configuration": [
              {
                "ipv4": "10.10.2.98",
                "ipv6": "",
                "subnet_id": "subnet-019faef2dd045916f"
              },
              {
                "ipv4": "10.10.4.67",
                "ipv6": "",
                "subnet_id": "subnet-06aee904fa3005ed1"
              }
            ],
            "subnet_ids": [
              "subnet-019faef2dd045916f",
              "subnet-06aee904fa3005ed1"
            ],
            "tags": {
              "Environment": "dev",
              "ManagedBy": "terraform",
              "Name": "like98100-deploy-dev-ecs-agent-endpoint",
              "Owner": "like98100",
              "Project": "deploy-test"
            },
            "tags_all": {
              "Environment": "dev",
              "ManagedBy": "terraform",
              "Name": "like98100-deploy-dev-ecs-agent-endpoint",
              "Owner": "like98100",
              "Project": "deploy-test"
            },
            "timeouts": null,
            "vpc_endpoint_type": "Interface",
            "vpc_id": "vpc-0ebac23e93f73261b"
          },
          "sensitive_attributes": [],
          "identity_schema_version": 0,
          "private": "eyJlMmJmYjczMC1lY2FhLTExZTYtOGY4OC0zNDM2M2JjN2M0YzAiOnsiY3JlYXRlIjo2MDAwMDAwMDAwMDAsImRlbGV0ZSI6NjAwMDAwMDAwMDAwLCJ1cGRhdGUiOjYwMDAwMDAwMDAwMH19",
          "dependencies": [
            "data.aws_availability_zones.available",
            "module.vpc.aws_security_group.vpc_endpoint",
            "module.vpc.aws_subnet.private",
            "module.vpc.aws_vpc.main",
            "module.vpc.data.aws_region.current"
          ]
        }
      ]
    },
    {
      "module": "module.vpc",
      "mode": "managed",
      "type": "aws_vpc_endpoint",
      "name": "ecs_telemetry",
      "provider": "provider[\"registry.terraform.io/hashicorp/aws\"]",
      "instances": [
        {
          "schema_version": 0,
          "attributes": {
            "arn": "arn:aws:ec2:ap-northeast-2:077672914621:vpc-endpoint/vpce-0ca72b53083c8687d",
            "auto_accept": null,
            "cidr_blocks": [],
            "dns_entry": [
              {
                "dns_name": "vpce-0ca72b53083c8687d-iwlctpr9.ecs-t.ap-northeast-2.vpce.amazonaws.com",
                "hosted_zone_id": "Z27UANNT0PRK1T"
              },
              {
                "dns_name": "vpce-0ca72b53083c8687d-iwlctpr9-ap-northeast-2a.ecs-t.ap-northeast-2.vpce.amazonaws.com",
                "hosted_zone_id": "Z27UANNT0PRK1T"
              },
              {
                "dns_name": "vpce-0ca72b53083c8687d-iwlctpr9-ap-northeast-2b.ecs-t.ap-northeast-2.vpce.amazonaws.com",
                "hosted_zone_id": "Z27UANNT0PRK1T"
              },
              {
                "dns_name": "ecs-t.ap-northeast-2.amazonaws.com",
                "hosted_zone_id": "Z04888613L359YSQ892FQ"
              },
              {
                "dns_name": "ecs-t.ap-northeast-2.api.aws",
                "hosted_zone_id": "Z049111619B1OTN2LS35P"
              }
            ],
            "dns_options": [
              {
                "dns_record_ip_type": "ipv4",
                "private_dns_only_for_inbound_resolver_endpoint": false
              }
            ],
            "id": "vpce-0ca72b53083c8687d",
            "ip_address_type": "ipv4",
            "network_interface_ids": [
              "eni-0158983acd54a29a6",
              "eni-023dcb58c18feb127"
            ],
            "owner_id": "077672914621",
            "policy": "{\"Statement\":[{\"Action\":\"*\",\"Effect\":\"Allow\",\"Principal\":\"*\",\"Resource\":\"*\"}]}",
            "prefix_list_id": null,
            "private_dns_enabled": true,
            "requester_managed": false,
            "resource_configuration_arn": "",
            "route_table_ids": [],
            "security_group_ids": [
              "sg-0996c8adf68a7fef4"
            ],
            "service_name": "com.amazonaws.ap-northeast-2.ecs-telemetry",
            "service_network_arn": "",
            "service_region": "ap-northeast-2",
            "state": "available",
            "subnet_configuration": [
              {
                "ipv4": "10.10.2.180",
                "ipv6": "",
                "subnet_id": "subnet-019faef2dd045916f"
              },
              {
                "ipv4": "10.10.4.80",
                "ipv6": "",
                "subnet_id": "subnet-06aee904fa3005ed1"
              }
            ],
            "subnet_ids": [
              "subnet-019faef2dd045916f",
              "subnet-06aee904fa3005ed1"
            ],
            "tags": {
              "Environment": "dev",
              "ManagedBy": "terraform",
              "Name": "like98100-deploy-dev-ecs-telemetry-endpoint",
              "Owner": "like98100",
              "Project": "deploy-test"
            },
            "tags_all": {
              "Environment": "dev",
              "ManagedBy": "terraform",
              "Name": "like98100-deploy-dev-ecs-telemetry-endpoint",
              "Owner": "like98100",
              "Project": "deploy-test"
            },
            "timeouts": null,
            "vpc_endpoint_type": "Interface",
            "vpc_id": "vpc-0ebac23e93f73261b"
          },
          "sensitive_attributes": [],
          "identity_schema_version": 0,
          "private": "eyJlMmJmYjczMC1lY2FhLTExZTYtOGY4OC0zNDM2M2JjN2M0YzAiOnsiY3JlYXRlIjo2MDAwMDAwMDAwMDAsImRlbGV0ZSI6NjAwMDAwMDAwMDAwLCJ1cGRhdGUiOjYwMDAwMDAwMDAwMH19",
          "dependencies": [
            "data.aws_availability_zones.available",
            "module.vpc.aws_security_group.vpc_endpoint",
            "module.vpc.aws_subnet.private",
            "module.vpc.aws_vpc.main",
            "module.vpc.data.aws_region.current"
          ]
        }
      ]
    },
    {
      "module": "module.vpc",
      "mode": "managed",
      "type": "aws_vpc_endpoint",
      "name": "s3",
      "provider": "provider[\"registry.terraform.io/hashicorp/aws\"]",
      "instances": [
        {
          "schema_version": 0,
          "attributes": {
            "arn": "arn:aws:ec2:ap-northeast-2:077672914621:vpc-endpoint/vpce-052b871b9c9c31a3e",
            "auto_accept": null,
            "cidr_blocks": [
              "52.219.202.0/23",
              "52.219.144.0/22",
              "52.219.204.0/22",
              "3.5.144.0/23",
              "3.5.140.0/22",
              "52.219.148.0/23",
              "52.219.60.0/23",
              "3.5.184.0/21",
              "52.219.56.0/22"
            ],
            "dns_entry": [],
            "dns_options": [],
            "id": "vpce-052b871b9c9c31a3e",
            "ip_address_type": "",
            "network_interface_ids": [],
            "owner_id": "077672914621",
            "policy": "{\"Statement\":[{\"Action\":\"*\",\"Effect\":\"Allow\",\"Principal\":\"*\",\"Resource\":\"*\"}],\"Version\":\"2008-10-17\"}",
            "prefix_list_id": "pl-78a54011",
            "private_dns_enabled": false,
            "requester_managed": false,
            "resource_configuration_arn": "",
            "route_table_ids": [
              "rtb-07c5ca57e70dcf547"
            ],
            "security_group_ids": [],
            "service_name": "com.amazonaws.ap-northeast-2.s3",
            "service_network_arn": "",
            "service_region": "ap-northeast-2",
            "state": "available",
            "subnet_configuration": [],
            "subnet_ids": [],
            "tags": {
              "Environment": "dev",
              "ManagedBy": "terraform",
              "Name": "like98100-deploy-dev-s3-endpoint",
              "Owner": "like98100",
              "Project": "deploy-test"
            },
            "tags_all": {
              "Environment": "dev",
              "ManagedBy": "terraform",
              "Name": "like98100-deploy-dev-s3-endpoint",
              "Owner": "like98100",
              "Project": "deploy-test"
            },
            "timeouts": null,
            "vpc_endpoint_type": "Gateway",
            "vpc_id": "vpc-0ebac23e93f73261b"
          },
          "sensitive_attributes": [],
          "identity_schema_version": 0,
          "private": "eyJlMmJmYjczMC1lY2FhLTExZTYtOGY4OC0zNDM2M2JjN2M0YzAiOnsiY3JlYXRlIjo2MDAwMDAwMDAwMDAsImRlbGV0ZSI6NjAwMDAwMDAwMDAwLCJ1cGRhdGUiOjYwMDAwMDAwMDAwMH19",
          "dependencies": [
            "module.vpc.aws_route_table.private",
            "module.vpc.aws_vpc.main",
            "module.vpc.data.aws_region.current"
          ]
        }
      ]
    }
  ],
  "check_results": null
}
